// !$*UTF8*$!
{
	archiveVersion = 1;
	classes = {
	};
	objectVersion = 50;
	objects = {

/* Begin PBXBuildFile section */
		2C4F1D4D2515FF1800BE25FB /* 300. 最长上升子序列.swift in Sources */ = {isa = PBXBuildFile; fileRef = 2C4F1D4C2515FF1800BE25FB /* 300. 最长上升子序列.swift */; };
		2C4F1D502516123000BE25FB /* 1143. 最长公共子序列.swift in Sources */ = {isa = PBXBuildFile; fileRef = 2C4F1D4F2516123000BE25FB /* 1143. 最长公共子序列.swift */; };
		2C571F7C24F3AB2600E74CB7 /* main.swift in Sources */ = {isa = PBXBuildFile; fileRef = 2C571F7B24F3AB2600E74CB7 /* main.swift */; };
		2C571F8624F4D4FE00E74CB7 /* 88. 合并两个有序数组.swift in Sources */ = {isa = PBXBuildFile; fileRef = 2C571F8524F4D4FE00E74CB7 /* 88. 合并两个有序数组.swift */; };
		2C571F8824F4ED7900E74CB7 /* 75. 颜色分类.swift in Sources */ = {isa = PBXBuildFile; fileRef = 2C571F8724F4ED7900E74CB7 /* 75. 颜色分类.swift */; };
		2C571F8B24F50BA200E74CB7 /* Swap.swift in Sources */ = {isa = PBXBuildFile; fileRef = 2C571F8A24F50BA200E74CB7 /* Swap.swift */; };
		2C571F8D24F5119400E74CB7 /* 16.16. 部分排序.swift in Sources */ = {isa = PBXBuildFile; fileRef = 2C571F8C24F5119400E74CB7 /* 16.16. 部分排序.swift */; };
		2C571F8F24F51DE800E74CB7 /* 164. 最大间距.swift in Sources */ = {isa = PBXBuildFile; fileRef = 2C571F8E24F51DE800E74CB7 /* 164. 最大间距.swift */; };
		2C571F9124F51F2300E74CB7 /* 977. 有序数组的平方.swift in Sources */ = {isa = PBXBuildFile; fileRef = 2C571F9024F51F2300E74CB7 /* 977. 有序数组的平方.swift */; };
		2C571F9524F5215200E74CB7 /* 203. 移除链表元素.swift in Sources */ = {isa = PBXBuildFile; fileRef = 2C571F9424F5215200E74CB7 /* 203. 移除链表元素.swift */; };
		2C571F9724F521B000E74CB7 /* ListNode.swift in Sources */ = {isa = PBXBuildFile; fileRef = 2C571F9624F521B000E74CB7 /* ListNode.swift */; };
		2C571F9924F6156B00E74CB7 /* 2. 两数相加.swift in Sources */ = {isa = PBXBuildFile; fileRef = 2C571F9824F6156B00E74CB7 /* 2. 两数相加.swift */; };
		2C571F9B24F62AD600E74CB7 /* 160. 相交链表.swift in Sources */ = {isa = PBXBuildFile; fileRef = 2C571F9A24F62AD600E74CB7 /* 160. 相交链表.swift */; };
		2C571F9D24F6324B00E74CB7 /* 86. 分隔链表.swift in Sources */ = {isa = PBXBuildFile; fileRef = 2C571F9C24F6324B00E74CB7 /* 86. 分隔链表.swift */; };
		2C571F9F24F63F5900E74CB7 /* 234. 回文链表.swift in Sources */ = {isa = PBXBuildFile; fileRef = 2C571F9E24F63F5900E74CB7 /* 234. 回文链表.swift */; };
		2C571FA224F6645500E74CB7 /* 155. 最小栈.swift in Sources */ = {isa = PBXBuildFile; fileRef = 2C571FA124F6645500E74CB7 /* 155. 最小栈.swift */; };
		2C571FA424F6658800E74CB7 /* Stack.swift in Sources */ = {isa = PBXBuildFile; fileRef = 2C571FA324F6658800E74CB7 /* Stack.swift */; };
		2C571FA624F6994400E74CB7 /* 239. 滑动窗口最大值.swift in Sources */ = {isa = PBXBuildFile; fileRef = 2C571FA524F6994400E74CB7 /* 239. 滑动窗口最大值.swift */; };
		2C571FA824F754FF00E74CB7 /* Deque.swift in Sources */ = {isa = PBXBuildFile; fileRef = 2C571FA724F754FF00E74CB7 /* Deque.swift */; };
		2C571FAA24F7876A00E74CB7 /* 654. 最大二叉树.swift in Sources */ = {isa = PBXBuildFile; fileRef = 2C571FA924F7876A00E74CB7 /* 654. 最大二叉树.swift */; };
		2C571FAC24F788A100E74CB7 /* TreeNode.swift in Sources */ = {isa = PBXBuildFile; fileRef = 2C571FAB24F788A100E74CB7 /* TreeNode.swift */; };
		2C571FAE24F7996A00E74CB7 /* 739. 每日温度.swift in Sources */ = {isa = PBXBuildFile; fileRef = 2C571FAD24F7996A00E74CB7 /* 739. 每日温度.swift */; };
		2C571FB324F7F0B100E74CB7 /* 面试题 01.09. 字符串轮转.swift in Sources */ = {isa = PBXBuildFile; fileRef = 2C571FB224F7F0B100E74CB7 /* 面试题 01.09. 字符串轮转.swift */; };
		2C5B537F250B50050004819D /* 72. 编辑距离.swift in Sources */ = {isa = PBXBuildFile; fileRef = 2C5B537E250B50050004819D /* 72. 编辑距离.swift */; };
		2C66808425188BBD00C0D959 /* 83. 删除排序链表中的重复元素.swift in Sources */ = {isa = PBXBuildFile; fileRef = 2C66808325188BBD00C0D959 /* 83. 删除排序链表中的重复元素.swift */; };
		2C6680872518927D00C0D959 /* 876. 链表的中间结点.swift in Sources */ = {isa = PBXBuildFile; fileRef = 2C6680862518927D00C0D959 /* 876. 链表的中间结点.swift */; };
		2C66808E251895A400C0D959 /* 剑指 Offer 06. 从尾到头打印链表.swift in Sources */ = {isa = PBXBuildFile; fileRef = 2C66808D251895A400C0D959 /* 剑指 Offer 06. 从尾到头打印链表.swift */; };
		2C668091251897FB00C0D959 /* 538. 把二叉搜索树转换为累加树.swift in Sources */ = {isa = PBXBuildFile; fileRef = 2C668090251897FB00C0D959 /* 538. 把二叉搜索树转换为累加树.swift */; };
		2C66809425189D2000C0D959 /* 100. 相同的树.swift in Sources */ = {isa = PBXBuildFile; fileRef = 2C66809325189D2000C0D959 /* 100. 相同的树.swift */; };
		2C6680972518A19400C0D959 /* 101. 对称二叉树.swift in Sources */ = {isa = PBXBuildFile; fileRef = 2C6680962518A19400C0D959 /* 101. 对称二叉树.swift */; };
		2C66809A2518A6B800C0D959 /* 104. 二叉树的最大深度.swift in Sources */ = {isa = PBXBuildFile; fileRef = 2C6680992518A6B800C0D959 /* 104. 二叉树的最大深度.swift */; };
		2C66809D2518B0F200C0D959 /* 107. 二叉树的层次遍历 II.swift in Sources */ = {isa = PBXBuildFile; fileRef = 2C66809C2518B0F200C0D959 /* 107. 二叉树的层次遍历 II.swift */; };
		2C6680A02518D57300C0D959 /* 108. 将有序数组转换为二叉搜索树.swift in Sources */ = {isa = PBXBuildFile; fileRef = 2C66809F2518D57300C0D959 /* 108. 将有序数组转换为二叉搜索树.swift */; };
		2C6680A32518D97000C0D959 /* 110. 平衡二叉树.swift in Sources */ = {isa = PBXBuildFile; fileRef = 2C6680A22518D97000C0D959 /* 110. 平衡二叉树.swift */; };
		2C6680A62518DBAF00C0D959 /* 111. 二叉树的最小深度.swift in Sources */ = {isa = PBXBuildFile; fileRef = 2C6680A52518DBAF00C0D959 /* 111. 二叉树的最小深度.swift */; };
		2C6680A92518DE4800C0D959 /* 112. 路径总和.swift in Sources */ = {isa = PBXBuildFile; fileRef = 2C6680A82518DE4800C0D959 /* 112. 路径总和.swift */; };
		2C6680AC2518E35600C0D959 /* 226. 翻转二叉树.swift in Sources */ = {isa = PBXBuildFile; fileRef = 2C6680AB2518E35600C0D959 /* 226. 翻转二叉树.swift */; };
		2C7401032514E1CD00A3BC8C /* 53. 最大子序和.swift in Sources */ = {isa = PBXBuildFile; fileRef = 2C7401022514E1CD00A3BC8C /* 53. 最大子序和.swift */; };
		2C835037254FF34400AEFC97 /* Graph.swift in Sources */ = {isa = PBXBuildFile; fileRef = 2C835036254FF34400AEFC97 /* Graph.swift */; };
		2C83503A25500F1600AEFC97 /* ListGraph.swift in Sources */ = {isa = PBXBuildFile; fileRef = 2C83503925500F1600AEFC97 /* ListGraph.swift */; };
		2C83503D255026C000AEFC97 /* Vertex.swift in Sources */ = {isa = PBXBuildFile; fileRef = 2C83503C255026C000AEFC97 /* Vertex.swift */; };
		2C835040255026D500AEFC97 /* Edge.swift in Sources */ = {isa = PBXBuildFile; fileRef = 2C83503F255026D500AEFC97 /* Edge.swift */; };
		2C84C593254A639D002E89E8 /* 冒泡排序1.swift in Sources */ = {isa = PBXBuildFile; fileRef = 2C84C592254A639D002E89E8 /* 冒泡排序1.swift */; };
		2C84C596254A63C0002E89E8 /* Sort.swift in Sources */ = {isa = PBXBuildFile; fileRef = 2C84C595254A63C0002E89E8 /* Sort.swift */; };
		2C84C599254A6E02002E89E8 /* 冒泡排序2.swift in Sources */ = {isa = PBXBuildFile; fileRef = 2C84C598254A6E02002E89E8 /* 冒泡排序2.swift */; };
		2C84C59C254A7094002E89E8 /* 冒泡排序3.swift in Sources */ = {isa = PBXBuildFile; fileRef = 2C84C59B254A7094002E89E8 /* 冒泡排序3.swift */; };
		2C84C5A0254A7336002E89E8 /* 选择排序.swift in Sources */ = {isa = PBXBuildFile; fileRef = 2C84C59F254A7336002E89E8 /* 选择排序.swift */; };
		2C84C5A3254AB0DB002E89E8 /* 堆排序.swift in Sources */ = {isa = PBXBuildFile; fileRef = 2C84C5A2254AB0DB002E89E8 /* 堆排序.swift */; };
		2C84C68D254BF2B6002E89E8 /* 插入排序1.swift in Sources */ = {isa = PBXBuildFile; fileRef = 2C84C68C254BF2B6002E89E8 /* 插入排序1.swift */; };
		2C84C72C254BFF13002E89E8 /* 插入排序2.swift in Sources */ = {isa = PBXBuildFile; fileRef = 2C84C72B254BFF13002E89E8 /* 插入排序2.swift */; };
		2C84C730254C03B9002E89E8 /* 插入排序3.swift in Sources */ = {isa = PBXBuildFile; fileRef = 2C84C72F254C03B9002E89E8 /* 插入排序3.swift */; };
		2C84C733254C07AF002E89E8 /* 归并排序.swift in Sources */ = {isa = PBXBuildFile; fileRef = 2C84C732254C07AF002E89E8 /* 归并排序.swift */; };
		2C84C736254C3BCE002E89E8 /* 快速排序.swift in Sources */ = {isa = PBXBuildFile; fileRef = 2C84C735254C3BCE002E89E8 /* 快速排序.swift */; };
		2C84C73A254D1B96002E89E8 /* 希尔排序.swift in Sources */ = {isa = PBXBuildFile; fileRef = 2C84C739254D1B96002E89E8 /* 希尔排序.swift */; };
		2C84C73E254D35B8002E89E8 /* UnionFind.swift in Sources */ = {isa = PBXBuildFile; fileRef = 2C84C73D254D35B7002E89E8 /* UnionFind.swift */; };
		2C84C742254D3C87002E89E8 /* UnionFind_QF.swift in Sources */ = {isa = PBXBuildFile; fileRef = 2C84C741254D3C87002E89E8 /* UnionFind_QF.swift */; };
		2C84C745254D49AD002E89E8 /* UnionFind_QU.swift in Sources */ = {isa = PBXBuildFile; fileRef = 2C84C744254D49AD002E89E8 /* UnionFind_QU.swift */; };
		2C84C748254D4FA8002E89E8 /* UnionFind_QU_S.swift in Sources */ = {isa = PBXBuildFile; fileRef = 2C84C747254D4FA8002E89E8 /* UnionFind_QU_S.swift */; };
		2C84C74B254D521E002E89E8 /* UnionFind_QU_R.swift in Sources */ = {isa = PBXBuildFile; fileRef = 2C84C74A254D521E002E89E8 /* UnionFind_QU_R.swift */; };
		2C84C74E254D53B7002E89E8 /* UnionFind_QU_R_PC.swift in Sources */ = {isa = PBXBuildFile; fileRef = 2C84C74D254D53B7002E89E8 /* UnionFind_QU_R_PC.swift */; };
		2C84C751254D56AA002E89E8 /* UnionFind_QU_R_PS.swift in Sources */ = {isa = PBXBuildFile; fileRef = 2C84C750254D56AA002E89E8 /* UnionFind_QU_R_PS.swift */; };
		2C84C755254D583A002E89E8 /* UnionFind_QU_R_PH.swift in Sources */ = {isa = PBXBuildFile; fileRef = 2C84C754254D583A002E89E8 /* UnionFind_QU_R_PH.swift */; };
		2CADB1C12514BC1400276DEF /* 455. 分发饼干.swift in Sources */ = {isa = PBXBuildFile; fileRef = 2CADB1C02514BC1400276DEF /* 455. 分发饼干.swift */; };
		2CADB1C52514BC5F00276DEF /* 452. 用最少数量的箭引爆气球.swift in Sources */ = {isa = PBXBuildFile; fileRef = 2CADB1C42514BC5F00276DEF /* 452. 用最少数量的箭引爆气球.swift */; };
		2CADB1CB2514BCB000276DEF /* 605. 种花问题.swift in Sources */ = {isa = PBXBuildFile; fileRef = 2CADB1CA2514BCB000276DEF /* 605. 种花问题.swift */; };
		2CADB1CE2514BCCF00276DEF /* 135. 分发糖果.swift in Sources */ = {isa = PBXBuildFile; fileRef = 2CADB1CD2514BCCF00276DEF /* 135. 分发糖果.swift */; };
		2CADB1D12514BDDA00276DEF /* 322. 零钱兑换.swift in Sources */ = {isa = PBXBuildFile; fileRef = 2CADB1D02514BDDA00276DEF /* 322. 零钱兑换.swift */; };
		2CADB1D42514BE0300276DEF /* 518. 零钱兑换 II.swift in Sources */ = {isa = PBXBuildFile; fileRef = 2CADB1D32514BE0300276DEF /* 518. 零钱兑换 II.swift */; };
		2CCB285A2509D661004F0BDD /* 3. 无重复字符的最长子串.swift in Sources */ = {isa = PBXBuildFile; fileRef = 2CCB28592509D661004F0BDD /* 3. 无重复字符的最长子串.swift */; };
		2CCB285D250A6029004F0BDD /* 剑指 Offer 47. 礼物的最大价值.swift in Sources */ = {isa = PBXBuildFile; fileRef = 2CCB285C250A6029004F0BDD /* 剑指 Offer 47. 礼物的最大价值.swift */; };
		2CCB285F250B4600004F0BDD /* 121. 买卖股票的最佳时机.swift in Sources */ = {isa = PBXBuildFile; fileRef = 2CCB285E250B4600004F0BDD /* 121. 买卖股票的最佳时机.swift */; };
		2CCB2861250B49A2004F0BDD /* 122. 买卖股票的最佳时机 II.swift in Sources */ = {isa = PBXBuildFile; fileRef = 2CCB2860250B49A2004F0BDD /* 122. 买卖股票的最佳时机 II.swift */; };
		2CD3A5E425071B0700EB78FB /* 572. 另一个树的子树.swift in Sources */ = {isa = PBXBuildFile; fileRef = 2CD3A5E325071B0700EB78FB /* 572. 另一个树的子树.swift */; };
		2CD3A5E62507607B00EB78FB /* 242. 有效的字母异位词.swift in Sources */ = {isa = PBXBuildFile; fileRef = 2CD3A5E52507607B00EB78FB /* 242. 有效的字母异位词.swift */; };
		2CD3A5E82508A21600EB78FB /* 151. 翻转字符串里的单词.swift in Sources */ = {isa = PBXBuildFile; fileRef = 2CD3A5E72508A21600EB78FB /* 151. 翻转字符串里的单词.swift */; };
		2CD6F7AB250F7BC10091F223 /* 283. 移动零.swift in Sources */ = {isa = PBXBuildFile; fileRef = 2CD6F7AA250F7BC10091F223 /* 283. 移动零.swift */; };
		2CD6F7AD250F89B30091F223 /* 1. 两数之和.swift in Sources */ = {isa = PBXBuildFile; fileRef = 2CD6F7AC250F89B30091F223 /* 1. 两数之和.swift */; };
		2CD6F7AF250F94E60091F223 /* 15. 三数之和.swift in Sources */ = {isa = PBXBuildFile; fileRef = 2CD6F7AE250F94E60091F223 /* 15. 三数之和.swift */; };
		2CD6F7B1250FA6180091F223 /* 50. Pow(x, n).swift in Sources */ = {isa = PBXBuildFile; fileRef = 2CD6F7B0250FA6180091F223 /* 50. Pow(x, n).swift */; };
		2CD6F7B3251082B50091F223 /* 剑指 Offer 62. 圆圈中最后剩下的数字.swift in Sources */ = {isa = PBXBuildFile; fileRef = 2CD6F7B2251082B50091F223 /* 剑指 Offer 62. 圆圈中最后剩下的数字.swift */; };
		2CD6F7B525108EE80091F223 /* 54. 螺旋矩阵.swift in Sources */ = {isa = PBXBuildFile; fileRef = 2CD6F7B425108EE80091F223 /* 54. 螺旋矩阵.swift */; };
		2CD6F7B725109FA20091F223 /* 146. LRU缓存机制.swift in Sources */ = {isa = PBXBuildFile; fileRef = 2CD6F7B625109FA20091F223 /* 146. LRU缓存机制.swift */; };
		2CD6F7B92510D2C70091F223 /* 7. 整数反转.swift in Sources */ = {isa = PBXBuildFile; fileRef = 2CD6F7B82510D2C70091F223 /* 7. 整数反转.swift */; };
		2CD6F7BB2510DBDC0091F223 /* 252.会议室.swift in Sources */ = {isa = PBXBuildFile; fileRef = 2CD6F7BA2510DBDC0091F223 /* 252.会议室.swift */; };
		2CD6F7BD2510DD920091F223 /* 253.会议室2.swift in Sources */ = {isa = PBXBuildFile; fileRef = 2CD6F7BC2510DD920091F223 /* 253.会议室2.swift */; };
		2CD6F7BF2510E4280091F223 /* 11. 盛最多水的容器.swift in Sources */ = {isa = PBXBuildFile; fileRef = 2CD6F7BE2510E4280091F223 /* 11. 盛最多水的容器.swift */; };
		2CD6F7C12510F3950091F223 /* 42. 接雨水.swift in Sources */ = {isa = PBXBuildFile; fileRef = 2CD6F7C02510F3940091F223 /* 42. 接雨水.swift */; };
		2CD6F7C3251240B50091F223 /* 25. K 个一组翻转链表.swift in Sources */ = {isa = PBXBuildFile; fileRef = 2CD6F7C2251240B50091F223 /* 25. K 个一组翻转链表.swift */; };
		2CD6F7C5251240EE0091F223 /* 21. 合并两个有序链表.swift in Sources */ = {isa = PBXBuildFile; fileRef = 2CD6F7C4251240EE0091F223 /* 21. 合并两个有序链表.swift */; };
		2CD6F7C72512410C0091F223 /* 23. 合并K个升序链表.swift in Sources */ = {isa = PBXBuildFile; fileRef = 2CD6F7C62512410C0091F223 /* 23. 合并K个升序链表.swift */; };
		2CD6F7C9251241320091F223 /* 141. 环形链表.swift in Sources */ = {isa = PBXBuildFile; fileRef = 2CD6F7C8251241320091F223 /* 141. 环形链表.swift */; };
		2CD6F7CB251241530091F223 /* 206. 反转链表.swift in Sources */ = {isa = PBXBuildFile; fileRef = 2CD6F7CA251241530091F223 /* 206. 反转链表.swift */; };
		2CD6F7CD251241780091F223 /* 237. 删除链表中的节点.swift in Sources */ = {isa = PBXBuildFile; fileRef = 2CD6F7CC251241780091F223 /* 237. 删除链表中的节点.swift */; };
		2CD6F7CF251241A20091F223 /* 24. 两两交换链表中的节点.swift in Sources */ = {isa = PBXBuildFile; fileRef = 2CD6F7CE251241A20091F223 /* 24. 两两交换链表中的节点.swift */; };
		2CD70FF2251B469200DC051B /* 501. 二叉搜索树中的众数.swift in Sources */ = {isa = PBXBuildFile; fileRef = 2CD70FF1251B469200DC051B /* 501. 二叉搜索树中的众数.swift */; };
		2CD70FF5251B48F800DC051B /* 617. 合并二叉树.swift in Sources */ = {isa = PBXBuildFile; fileRef = 2CD70FF4251B48F800DC051B /* 617. 合并二叉树.swift */; };
		2CD70FF8251B4ACE00DC051B /* 530. 二叉搜索树的最小绝对差.swift in Sources */ = {isa = PBXBuildFile; fileRef = 2CD70FF7251B4ACE00DC051B /* 530. 二叉搜索树的最小绝对差.swift */; };
		2CD70FFB251B523600DC051B /* 543. 二叉树的直径.swift in Sources */ = {isa = PBXBuildFile; fileRef = 2CD70FFA251B523600DC051B /* 543. 二叉树的直径.swift */; };
		2CD9B8422519EEBD00A09EBB /* 257. 二叉树的所有路径.swift in Sources */ = {isa = PBXBuildFile; fileRef = 2CD9B8412519EEBD00A09EBB /* 257. 二叉树的所有路径.swift */; };
		2CD9B8B02519FE3400A09EBB /* 404. 左叶子之和.swift in Sources */ = {isa = PBXBuildFile; fileRef = 2CD9B8AF2519FE3300A09EBB /* 404. 左叶子之和.swift */; };
		2CFABBD5250B696800D03A9B /* 5. 最长回文子串.swift in Sources */ = {isa = PBXBuildFile; fileRef = 2CFABBD4250B696800D03A9B /* 5. 最长回文子串.swift */; };
		2CFABBD8250BA3E200D03A9B /* 236. 二叉树的最近公共祖先.swift in Sources */ = {isa = PBXBuildFile; fileRef = 2CFABBD7250BA3E200D03A9B /* 236. 二叉树的最近公共祖先.swift */; };
		2CFABBDA250C8DCA00D03A9B /* 99. 恢复二叉搜索树.swift in Sources */ = {isa = PBXBuildFile; fileRef = 2CFABBD9250C8DCA00D03A9B /* 99. 恢复二叉搜索树.swift */; };
		2CFABBDC250C9E2E00D03A9B /* 333.最大BST子树.swift in Sources */ = {isa = PBXBuildFile; fileRef = 2CFABBDB250C9E2E00D03A9B /* 333.最大BST子树.swift */; };
		2CFABBDF250CBF2300D03A9B /* 17. 电话号码的字母组合.swift in Sources */ = {isa = PBXBuildFile; fileRef = 2CFABBDE250CBF2300D03A9B /* 17. 电话号码的字母组合.swift */; };
		2CFABBE1250CD86700D03A9B /* 46. 全排列.swift in Sources */ = {isa = PBXBuildFile; fileRef = 2CFABBE0250CD86700D03A9B /* 46. 全排列.swift */; };
		2CFABBE3250CE29200D03A9B /* 22. 括号生成.swift in Sources */ = {isa = PBXBuildFile; fileRef = 2CFABBE2250CE29200D03A9B /* 22. 括号生成.swift */; };
/* End PBXBuildFile section */

/* Begin PBXCopyFilesBuildPhase section */
		2C571F7624F3AB2600E74CB7 /* CopyFiles */ = {
			isa = PBXCopyFilesBuildPhase;
			buildActionMask = 2147483647;
			dstPath = /usr/share/man/man1/;
			dstSubfolderSpec = 0;
			files = (
			);
			runOnlyForDeploymentPostprocessing = 1;
		};
/* End PBXCopyFilesBuildPhase section */

/* Begin PBXFileReference section */
		2C4F1D4C2515FF1800BE25FB /* 300. 最长上升子序列.swift */ = {isa = PBXFileReference; lastKnownFileType = sourcecode.swift; path = "300. 最长上升子序列.swift"; sourceTree = "<group>"; };
		2C4F1D4F2516123000BE25FB /* 1143. 最长公共子序列.swift */ = {isa = PBXFileReference; lastKnownFileType = sourcecode.swift; path = "1143. 最长公共子序列.swift"; sourceTree = "<group>"; };
		2C571F7824F3AB2600E74CB7 /* algorithmAndAataAtructure */ = {isa = PBXFileReference; explicitFileType = "compiled.mach-o.executable"; includeInIndex = 0; path = algorithmAndAataAtructure; sourceTree = BUILT_PRODUCTS_DIR; };
		2C571F7B24F3AB2600E74CB7 /* main.swift */ = {isa = PBXFileReference; lastKnownFileType = sourcecode.swift; path = main.swift; sourceTree = "<group>"; };
		2C571F8524F4D4FE00E74CB7 /* 88. 合并两个有序数组.swift */ = {isa = PBXFileReference; lastKnownFileType = sourcecode.swift; path = "88. 合并两个有序数组.swift"; sourceTree = "<group>"; };
		2C571F8724F4ED7900E74CB7 /* 75. 颜色分类.swift */ = {isa = PBXFileReference; lastKnownFileType = sourcecode.swift; path = "75. 颜色分类.swift"; sourceTree = "<group>"; };
		2C571F8A24F50BA200E74CB7 /* Swap.swift */ = {isa = PBXFileReference; lastKnownFileType = sourcecode.swift; path = Swap.swift; sourceTree = "<group>"; };
		2C571F8C24F5119400E74CB7 /* 16.16. 部分排序.swift */ = {isa = PBXFileReference; lastKnownFileType = sourcecode.swift; path = "16.16. 部分排序.swift"; sourceTree = "<group>"; };
		2C571F8E24F51DE800E74CB7 /* 164. 最大间距.swift */ = {isa = PBXFileReference; lastKnownFileType = sourcecode.swift; path = "164. 最大间距.swift"; sourceTree = "<group>"; };
		2C571F9024F51F2300E74CB7 /* 977. 有序数组的平方.swift */ = {isa = PBXFileReference; lastKnownFileType = sourcecode.swift; path = "977. 有序数组的平方.swift"; sourceTree = "<group>"; };
		2C571F9424F5215200E74CB7 /* 203. 移除链表元素.swift */ = {isa = PBXFileReference; lastKnownFileType = sourcecode.swift; path = "203. 移除链表元素.swift"; sourceTree = "<group>"; };
		2C571F9624F521B000E74CB7 /* ListNode.swift */ = {isa = PBXFileReference; lastKnownFileType = sourcecode.swift; path = ListNode.swift; sourceTree = "<group>"; };
		2C571F9824F6156B00E74CB7 /* 2. 两数相加.swift */ = {isa = PBXFileReference; lastKnownFileType = sourcecode.swift; path = "2. 两数相加.swift"; sourceTree = "<group>"; };
		2C571F9A24F62AD600E74CB7 /* 160. 相交链表.swift */ = {isa = PBXFileReference; lastKnownFileType = sourcecode.swift; path = "160. 相交链表.swift"; sourceTree = "<group>"; };
		2C571F9C24F6324B00E74CB7 /* 86. 分隔链表.swift */ = {isa = PBXFileReference; lastKnownFileType = sourcecode.swift; path = "86. 分隔链表.swift"; sourceTree = "<group>"; };
		2C571F9E24F63F5900E74CB7 /* 234. 回文链表.swift */ = {isa = PBXFileReference; lastKnownFileType = sourcecode.swift; path = "234. 回文链表.swift"; sourceTree = "<group>"; };
		2C571FA124F6645500E74CB7 /* 155. 最小栈.swift */ = {isa = PBXFileReference; lastKnownFileType = sourcecode.swift; path = "155. 最小栈.swift"; sourceTree = "<group>"; };
		2C571FA324F6658800E74CB7 /* Stack.swift */ = {isa = PBXFileReference; lastKnownFileType = sourcecode.swift; path = Stack.swift; sourceTree = "<group>"; };
		2C571FA524F6994400E74CB7 /* 239. 滑动窗口最大值.swift */ = {isa = PBXFileReference; lastKnownFileType = sourcecode.swift; path = "239. 滑动窗口最大值.swift"; sourceTree = "<group>"; };
		2C571FA724F754FF00E74CB7 /* Deque.swift */ = {isa = PBXFileReference; lastKnownFileType = sourcecode.swift; path = Deque.swift; sourceTree = "<group>"; };
		2C571FA924F7876A00E74CB7 /* 654. 最大二叉树.swift */ = {isa = PBXFileReference; lastKnownFileType = sourcecode.swift; path = "654. 最大二叉树.swift"; sourceTree = "<group>"; };
		2C571FAB24F788A100E74CB7 /* TreeNode.swift */ = {isa = PBXFileReference; lastKnownFileType = sourcecode.swift; path = TreeNode.swift; sourceTree = "<group>"; };
		2C571FAD24F7996A00E74CB7 /* 739. 每日温度.swift */ = {isa = PBXFileReference; lastKnownFileType = sourcecode.swift; path = "739. 每日温度.swift"; sourceTree = "<group>"; };
		2C571FB224F7F0B100E74CB7 /* 面试题 01.09. 字符串轮转.swift */ = {isa = PBXFileReference; lastKnownFileType = sourcecode.swift; path = "面试题 01.09. 字符串轮转.swift"; sourceTree = "<group>"; };
		2C5B537E250B50050004819D /* 72. 编辑距离.swift */ = {isa = PBXFileReference; lastKnownFileType = sourcecode.swift; path = "72. 编辑距离.swift"; sourceTree = "<group>"; };
		2C66808325188BBD00C0D959 /* 83. 删除排序链表中的重复元素.swift */ = {isa = PBXFileReference; lastKnownFileType = sourcecode.swift; path = "83. 删除排序链表中的重复元素.swift"; sourceTree = "<group>"; };
		2C6680862518927D00C0D959 /* 876. 链表的中间结点.swift */ = {isa = PBXFileReference; lastKnownFileType = sourcecode.swift; path = "876. 链表的中间结点.swift"; sourceTree = "<group>"; };
		2C66808D251895A400C0D959 /* 剑指 Offer 06. 从尾到头打印链表.swift */ = {isa = PBXFileReference; lastKnownFileType = sourcecode.swift; path = "剑指 Offer 06. 从尾到头打印链表.swift"; sourceTree = "<group>"; };
		2C668090251897FB00C0D959 /* 538. 把二叉搜索树转换为累加树.swift */ = {isa = PBXFileReference; lastKnownFileType = sourcecode.swift; path = "538. 把二叉搜索树转换为累加树.swift"; sourceTree = "<group>"; };
		2C66809325189D2000C0D959 /* 100. 相同的树.swift */ = {isa = PBXFileReference; lastKnownFileType = sourcecode.swift; path = "100. 相同的树.swift"; sourceTree = "<group>"; };
		2C6680962518A19400C0D959 /* 101. 对称二叉树.swift */ = {isa = PBXFileReference; lastKnownFileType = sourcecode.swift; path = "101. 对称二叉树.swift"; sourceTree = "<group>"; };
		2C6680992518A6B800C0D959 /* 104. 二叉树的最大深度.swift */ = {isa = PBXFileReference; lastKnownFileType = sourcecode.swift; path = "104. 二叉树的最大深度.swift"; sourceTree = "<group>"; };
		2C66809C2518B0F200C0D959 /* 107. 二叉树的层次遍历 II.swift */ = {isa = PBXFileReference; lastKnownFileType = sourcecode.swift; path = "107. 二叉树的层次遍历 II.swift"; sourceTree = "<group>"; };
		2C66809F2518D57300C0D959 /* 108. 将有序数组转换为二叉搜索树.swift */ = {isa = PBXFileReference; lastKnownFileType = sourcecode.swift; path = "108. 将有序数组转换为二叉搜索树.swift"; sourceTree = "<group>"; };
		2C6680A22518D97000C0D959 /* 110. 平衡二叉树.swift */ = {isa = PBXFileReference; lastKnownFileType = sourcecode.swift; path = "110. 平衡二叉树.swift"; sourceTree = "<group>"; };
		2C6680A52518DBAF00C0D959 /* 111. 二叉树的最小深度.swift */ = {isa = PBXFileReference; lastKnownFileType = sourcecode.swift; path = "111. 二叉树的最小深度.swift"; sourceTree = "<group>"; };
		2C6680A82518DE4800C0D959 /* 112. 路径总和.swift */ = {isa = PBXFileReference; lastKnownFileType = sourcecode.swift; path = "112. 路径总和.swift"; sourceTree = "<group>"; };
		2C6680AB2518E35600C0D959 /* 226. 翻转二叉树.swift */ = {isa = PBXFileReference; lastKnownFileType = sourcecode.swift; path = "226. 翻转二叉树.swift"; sourceTree = "<group>"; };
		2C7401022514E1CD00A3BC8C /* 53. 最大子序和.swift */ = {isa = PBXFileReference; lastKnownFileType = sourcecode.swift; path = "53. 最大子序和.swift"; sourceTree = "<group>"; };
		2C835036254FF34400AEFC97 /* Graph.swift */ = {isa = PBXFileReference; lastKnownFileType = sourcecode.swift; path = Graph.swift; sourceTree = "<group>"; };
		2C83503925500F1600AEFC97 /* ListGraph.swift */ = {isa = PBXFileReference; lastKnownFileType = sourcecode.swift; path = ListGraph.swift; sourceTree = "<group>"; };
		2C83503C255026C000AEFC97 /* Vertex.swift */ = {isa = PBXFileReference; lastKnownFileType = sourcecode.swift; path = Vertex.swift; sourceTree = "<group>"; };
		2C83503F255026D500AEFC97 /* Edge.swift */ = {isa = PBXFileReference; lastKnownFileType = sourcecode.swift; path = Edge.swift; sourceTree = "<group>"; };
		2C84C592254A639D002E89E8 /* 冒泡排序1.swift */ = {isa = PBXFileReference; lastKnownFileType = sourcecode.swift; path = "冒泡排序1.swift"; sourceTree = "<group>"; };
		2C84C595254A63C0002E89E8 /* Sort.swift */ = {isa = PBXFileReference; lastKnownFileType = sourcecode.swift; path = Sort.swift; sourceTree = "<group>"; };
		2C84C598254A6E02002E89E8 /* 冒泡排序2.swift */ = {isa = PBXFileReference; lastKnownFileType = sourcecode.swift; path = "冒泡排序2.swift"; sourceTree = "<group>"; };
		2C84C59B254A7094002E89E8 /* 冒泡排序3.swift */ = {isa = PBXFileReference; lastKnownFileType = sourcecode.swift; path = "冒泡排序3.swift"; sourceTree = "<group>"; };
		2C84C59F254A7336002E89E8 /* 选择排序.swift */ = {isa = PBXFileReference; lastKnownFileType = sourcecode.swift; path = "选择排序.swift"; sourceTree = "<group>"; };
		2C84C5A2254AB0DB002E89E8 /* 堆排序.swift */ = {isa = PBXFileReference; lastKnownFileType = sourcecode.swift; path = "堆排序.swift"; sourceTree = "<group>"; };
		2C84C68C254BF2B6002E89E8 /* 插入排序1.swift */ = {isa = PBXFileReference; lastKnownFileType = sourcecode.swift; path = "插入排序1.swift"; sourceTree = "<group>"; };
		2C84C72B254BFF13002E89E8 /* 插入排序2.swift */ = {isa = PBXFileReference; lastKnownFileType = sourcecode.swift; path = "插入排序2.swift"; sourceTree = "<group>"; };
		2C84C72F254C03B9002E89E8 /* 插入排序3.swift */ = {isa = PBXFileReference; lastKnownFileType = sourcecode.swift; path = "插入排序3.swift"; sourceTree = "<group>"; };
		2C84C732254C07AF002E89E8 /* 归并排序.swift */ = {isa = PBXFileReference; lastKnownFileType = sourcecode.swift; path = "归并排序.swift"; sourceTree = "<group>"; };
		2C84C735254C3BCE002E89E8 /* 快速排序.swift */ = {isa = PBXFileReference; lastKnownFileType = sourcecode.swift; path = "快速排序.swift"; sourceTree = "<group>"; };
		2C84C739254D1B96002E89E8 /* 希尔排序.swift */ = {isa = PBXFileReference; lastKnownFileType = sourcecode.swift; path = "希尔排序.swift"; sourceTree = "<group>"; };
		2C84C73D254D35B7002E89E8 /* UnionFind.swift */ = {isa = PBXFileReference; lastKnownFileType = sourcecode.swift; path = UnionFind.swift; sourceTree = "<group>"; };
		2C84C741254D3C87002E89E8 /* UnionFind_QF.swift */ = {isa = PBXFileReference; lastKnownFileType = sourcecode.swift; path = UnionFind_QF.swift; sourceTree = "<group>"; };
		2C84C744254D49AD002E89E8 /* UnionFind_QU.swift */ = {isa = PBXFileReference; lastKnownFileType = sourcecode.swift; path = UnionFind_QU.swift; sourceTree = "<group>"; };
		2C84C747254D4FA8002E89E8 /* UnionFind_QU_S.swift */ = {isa = PBXFileReference; lastKnownFileType = sourcecode.swift; path = UnionFind_QU_S.swift; sourceTree = "<group>"; };
		2C84C74A254D521E002E89E8 /* UnionFind_QU_R.swift */ = {isa = PBXFileReference; lastKnownFileType = sourcecode.swift; path = UnionFind_QU_R.swift; sourceTree = "<group>"; };
		2C84C74D254D53B7002E89E8 /* UnionFind_QU_R_PC.swift */ = {isa = PBXFileReference; lastKnownFileType = sourcecode.swift; path = UnionFind_QU_R_PC.swift; sourceTree = "<group>"; };
		2C84C750254D56AA002E89E8 /* UnionFind_QU_R_PS.swift */ = {isa = PBXFileReference; lastKnownFileType = sourcecode.swift; path = UnionFind_QU_R_PS.swift; sourceTree = "<group>"; };
		2C84C754254D583A002E89E8 /* UnionFind_QU_R_PH.swift */ = {isa = PBXFileReference; lastKnownFileType = sourcecode.swift; path = UnionFind_QU_R_PH.swift; sourceTree = "<group>"; };
		2CADB1C02514BC1400276DEF /* 455. 分发饼干.swift */ = {isa = PBXFileReference; lastKnownFileType = sourcecode.swift; path = "455. 分发饼干.swift"; sourceTree = "<group>"; };
		2CADB1C42514BC5F00276DEF /* 452. 用最少数量的箭引爆气球.swift */ = {isa = PBXFileReference; lastKnownFileType = sourcecode.swift; path = "452. 用最少数量的箭引爆气球.swift"; sourceTree = "<group>"; };
		2CADB1CA2514BCB000276DEF /* 605. 种花问题.swift */ = {isa = PBXFileReference; lastKnownFileType = sourcecode.swift; path = "605. 种花问题.swift"; sourceTree = "<group>"; };
		2CADB1CD2514BCCF00276DEF /* 135. 分发糖果.swift */ = {isa = PBXFileReference; lastKnownFileType = sourcecode.swift; path = "135. 分发糖果.swift"; sourceTree = "<group>"; };
		2CADB1D02514BDDA00276DEF /* 322. 零钱兑换.swift */ = {isa = PBXFileReference; lastKnownFileType = sourcecode.swift; path = "322. 零钱兑换.swift"; sourceTree = "<group>"; };
		2CADB1D32514BE0300276DEF /* 518. 零钱兑换 II.swift */ = {isa = PBXFileReference; lastKnownFileType = sourcecode.swift; path = "518. 零钱兑换 II.swift"; sourceTree = "<group>"; };
		2CCB28592509D661004F0BDD /* 3. 无重复字符的最长子串.swift */ = {isa = PBXFileReference; lastKnownFileType = sourcecode.swift; path = "3. 无重复字符的最长子串.swift"; sourceTree = "<group>"; };
		2CCB285C250A6029004F0BDD /* 剑指 Offer 47. 礼物的最大价值.swift */ = {isa = PBXFileReference; lastKnownFileType = sourcecode.swift; path = "剑指 Offer 47. 礼物的最大价值.swift"; sourceTree = "<group>"; };
		2CCB285E250B4600004F0BDD /* 121. 买卖股票的最佳时机.swift */ = {isa = PBXFileReference; lastKnownFileType = sourcecode.swift; path = "121. 买卖股票的最佳时机.swift"; sourceTree = "<group>"; };
		2CCB2860250B49A2004F0BDD /* 122. 买卖股票的最佳时机 II.swift */ = {isa = PBXFileReference; lastKnownFileType = sourcecode.swift; path = "122. 买卖股票的最佳时机 II.swift"; sourceTree = "<group>"; };
		2CD3A5E325071B0700EB78FB /* 572. 另一个树的子树.swift */ = {isa = PBXFileReference; lastKnownFileType = sourcecode.swift; path = "572. 另一个树的子树.swift"; sourceTree = "<group>"; };
		2CD3A5E52507607B00EB78FB /* 242. 有效的字母异位词.swift */ = {isa = PBXFileReference; lastKnownFileType = sourcecode.swift; path = "242. 有效的字母异位词.swift"; sourceTree = "<group>"; };
		2CD3A5E72508A21600EB78FB /* 151. 翻转字符串里的单词.swift */ = {isa = PBXFileReference; lastKnownFileType = sourcecode.swift; path = "151. 翻转字符串里的单词.swift"; sourceTree = "<group>"; };
		2CD6F7AA250F7BC10091F223 /* 283. 移动零.swift */ = {isa = PBXFileReference; lastKnownFileType = sourcecode.swift; path = "283. 移动零.swift"; sourceTree = "<group>"; };
		2CD6F7AC250F89B30091F223 /* 1. 两数之和.swift */ = {isa = PBXFileReference; lastKnownFileType = sourcecode.swift; path = "1. 两数之和.swift"; sourceTree = "<group>"; };
		2CD6F7AE250F94E60091F223 /* 15. 三数之和.swift */ = {isa = PBXFileReference; lastKnownFileType = sourcecode.swift; path = "15. 三数之和.swift"; sourceTree = "<group>"; };
		2CD6F7B0250FA6180091F223 /* 50. Pow(x, n).swift */ = {isa = PBXFileReference; lastKnownFileType = sourcecode.swift; path = "50. Pow(x, n).swift"; sourceTree = "<group>"; };
		2CD6F7B2251082B50091F223 /* 剑指 Offer 62. 圆圈中最后剩下的数字.swift */ = {isa = PBXFileReference; lastKnownFileType = sourcecode.swift; path = "剑指 Offer 62. 圆圈中最后剩下的数字.swift"; sourceTree = "<group>"; };
		2CD6F7B425108EE80091F223 /* 54. 螺旋矩阵.swift */ = {isa = PBXFileReference; lastKnownFileType = sourcecode.swift; path = "54. 螺旋矩阵.swift"; sourceTree = "<group>"; };
		2CD6F7B625109FA20091F223 /* 146. LRU缓存机制.swift */ = {isa = PBXFileReference; lastKnownFileType = sourcecode.swift; path = "146. LRU缓存机制.swift"; sourceTree = "<group>"; };
		2CD6F7B82510D2C70091F223 /* 7. 整数反转.swift */ = {isa = PBXFileReference; lastKnownFileType = sourcecode.swift; path = "7. 整数反转.swift"; sourceTree = "<group>"; };
		2CD6F7BA2510DBDC0091F223 /* 252.会议室.swift */ = {isa = PBXFileReference; lastKnownFileType = sourcecode.swift; path = "252.会议室.swift"; sourceTree = "<group>"; };
		2CD6F7BC2510DD920091F223 /* 253.会议室2.swift */ = {isa = PBXFileReference; lastKnownFileType = sourcecode.swift; path = "253.会议室2.swift"; sourceTree = "<group>"; };
		2CD6F7BE2510E4280091F223 /* 11. 盛最多水的容器.swift */ = {isa = PBXFileReference; lastKnownFileType = sourcecode.swift; path = "11. 盛最多水的容器.swift"; sourceTree = "<group>"; };
		2CD6F7C02510F3940091F223 /* 42. 接雨水.swift */ = {isa = PBXFileReference; lastKnownFileType = sourcecode.swift; path = "42. 接雨水.swift"; sourceTree = "<group>"; };
		2CD6F7C2251240B50091F223 /* 25. K 个一组翻转链表.swift */ = {isa = PBXFileReference; lastKnownFileType = sourcecode.swift; path = "25. K 个一组翻转链表.swift"; sourceTree = "<group>"; };
		2CD6F7C4251240EE0091F223 /* 21. 合并两个有序链表.swift */ = {isa = PBXFileReference; lastKnownFileType = sourcecode.swift; path = "21. 合并两个有序链表.swift"; sourceTree = "<group>"; };
		2CD6F7C62512410C0091F223 /* 23. 合并K个升序链表.swift */ = {isa = PBXFileReference; lastKnownFileType = sourcecode.swift; path = "23. 合并K个升序链表.swift"; sourceTree = "<group>"; };
		2CD6F7C8251241320091F223 /* 141. 环形链表.swift */ = {isa = PBXFileReference; lastKnownFileType = sourcecode.swift; path = "141. 环形链表.swift"; sourceTree = "<group>"; };
		2CD6F7CA251241530091F223 /* 206. 反转链表.swift */ = {isa = PBXFileReference; lastKnownFileType = sourcecode.swift; path = "206. 反转链表.swift"; sourceTree = "<group>"; };
		2CD6F7CC251241780091F223 /* 237. 删除链表中的节点.swift */ = {isa = PBXFileReference; lastKnownFileType = sourcecode.swift; path = "237. 删除链表中的节点.swift"; sourceTree = "<group>"; };
		2CD6F7CE251241A20091F223 /* 24. 两两交换链表中的节点.swift */ = {isa = PBXFileReference; lastKnownFileType = sourcecode.swift; path = "24. 两两交换链表中的节点.swift"; sourceTree = "<group>"; };
		2CD70FF1251B469200DC051B /* 501. 二叉搜索树中的众数.swift */ = {isa = PBXFileReference; lastKnownFileType = sourcecode.swift; path = "501. 二叉搜索树中的众数.swift"; sourceTree = "<group>"; };
		2CD70FF4251B48F800DC051B /* 617. 合并二叉树.swift */ = {isa = PBXFileReference; lastKnownFileType = sourcecode.swift; path = "617. 合并二叉树.swift"; sourceTree = "<group>"; };
		2CD70FF7251B4ACE00DC051B /* 530. 二叉搜索树的最小绝对差.swift */ = {isa = PBXFileReference; lastKnownFileType = sourcecode.swift; path = "530. 二叉搜索树的最小绝对差.swift"; sourceTree = "<group>"; };
		2CD70FFA251B523600DC051B /* 543. 二叉树的直径.swift */ = {isa = PBXFileReference; lastKnownFileType = sourcecode.swift; path = "543. 二叉树的直径.swift"; sourceTree = "<group>"; };
		2CD9B8412519EEBD00A09EBB /* 257. 二叉树的所有路径.swift */ = {isa = PBXFileReference; lastKnownFileType = sourcecode.swift; path = "257. 二叉树的所有路径.swift"; sourceTree = "<group>"; };
		2CD9B8AF2519FE3300A09EBB /* 404. 左叶子之和.swift */ = {isa = PBXFileReference; lastKnownFileType = sourcecode.swift; path = "404. 左叶子之和.swift"; sourceTree = "<group>"; };
		2CFABBD4250B696800D03A9B /* 5. 最长回文子串.swift */ = {isa = PBXFileReference; lastKnownFileType = sourcecode.swift; path = "5. 最长回文子串.swift"; sourceTree = "<group>"; };
		2CFABBD7250BA3E200D03A9B /* 236. 二叉树的最近公共祖先.swift */ = {isa = PBXFileReference; lastKnownFileType = sourcecode.swift; path = "236. 二叉树的最近公共祖先.swift"; sourceTree = "<group>"; };
		2CFABBD9250C8DCA00D03A9B /* 99. 恢复二叉搜索树.swift */ = {isa = PBXFileReference; lastKnownFileType = sourcecode.swift; path = "99. 恢复二叉搜索树.swift"; sourceTree = "<group>"; };
		2CFABBDB250C9E2E00D03A9B /* 333.最大BST子树.swift */ = {isa = PBXFileReference; lastKnownFileType = sourcecode.swift; path = "333.最大BST子树.swift"; sourceTree = "<group>"; };
		2CFABBDE250CBF2300D03A9B /* 17. 电话号码的字母组合.swift */ = {isa = PBXFileReference; lastKnownFileType = sourcecode.swift; path = "17. 电话号码的字母组合.swift"; sourceTree = "<group>"; };
		2CFABBE0250CD86700D03A9B /* 46. 全排列.swift */ = {isa = PBXFileReference; lastKnownFileType = sourcecode.swift; path = "46. 全排列.swift"; sourceTree = "<group>"; };
		2CFABBE2250CE29200D03A9B /* 22. 括号生成.swift */ = {isa = PBXFileReference; lastKnownFileType = sourcecode.swift; path = "22. 括号生成.swift"; sourceTree = "<group>"; };
/* End PBXFileReference section */

/* Begin PBXFrameworksBuildPhase section */
		2C571F7524F3AB2600E74CB7 /* Frameworks */ = {
			isa = PBXFrameworksBuildPhase;
			buildActionMask = 2147483647;
			files = (
			);
			runOnlyForDeploymentPostprocessing = 0;
		};
/* End PBXFrameworksBuildPhase section */

/* Begin PBXGroup section */
		2C44048A251C362D00341C9F /* 排序 */ = {
			isa = PBXGroup;
			children = (
				2C84C68C254BF2B6002E89E8 /* 插入排序1.swift */,
				2C84C72B254BFF13002E89E8 /* 插入排序2.swift */,
				2C84C72F254C03B9002E89E8 /* 插入排序3.swift */,
				2C84C5A2254AB0DB002E89E8 /* 堆排序.swift */,
				2C84C732254C07AF002E89E8 /* 归并排序.swift */,
				2C84C735254C3BCE002E89E8 /* 快速排序.swift */,
				2C84C592254A639D002E89E8 /* 冒泡排序1.swift */,
				2C84C598254A6E02002E89E8 /* 冒泡排序2.swift */,
				2C84C59B254A7094002E89E8 /* 冒泡排序3.swift */,
				2C84C739254D1B96002E89E8 /* 希尔排序.swift */,
				2C84C59F254A7336002E89E8 /* 选择排序.swift */,
				2C84C595254A63C0002E89E8 /* Sort.swift */,
			);
			path = "排序";
			sourceTree = "<group>";
		};
		2C571F6F24F3AB2600E74CB7 = {
			isa = PBXGroup;
			children = (
				2C571F7A24F3AB2600E74CB7 /* algorithmAndAataAtructure */,
				2C571F7924F3AB2600E74CB7 /* Products */,
			);
			sourceTree = "<group>";
		};
		2C571F7924F3AB2600E74CB7 /* Products */ = {
			isa = PBXGroup;
			children = (
				2C571F7824F3AB2600E74CB7 /* algorithmAndAataAtructure */,
			);
			name = Products;
			sourceTree = "<group>";
		};
		2C571F7A24F3AB2600E74CB7 /* algorithmAndAataAtructure */ = {
			isa = PBXGroup;
			children = (
				2C571F8924F50B9700E74CB7 /* Common */,
				2C571F8324F4D48200E74CB7 /* 数据结构 */,
				2C571F8224F4D47600E74CB7 /* 算法 */,
				2C571F7B24F3AB2600E74CB7 /* main.swift */,
			);
			path = algorithmAndAataAtructure;
			sourceTree = "<group>";
		};
		2C571F8224F4D47600E74CB7 /* 算法 */ = {
			isa = PBXGroup;
			children = (
				2C44048A251C362D00341C9F /* 排序 */,
				2CCB285B250A601B004F0BDD /* 动态规划 */,
				2CFABBD6250BA39F00D03A9B /* 二叉树 */,
				2CD6F7A9250F7B6B0091F223 /* 高频题 */,
				2C571F9324F520AA00E74CB7 /* 链表 */,
				2C571F8424F4D48C00E74CB7 /* 数组 */,
				2CADB1BF2514BBFB00276DEF /* 贪心 */,
				2C571FA024F6627100E74CB7 /* 栈、队列 */,
				2C571FB124F7F0A000E74CB7 /* 字符串 */,
				2CFABBDD250CBDBB00D03A9B /* DFS */,
			);
			path = "算法";
			sourceTree = "<group>";
		};
		2C571F8324F4D48200E74CB7 /* 数据结构 */ = {
			isa = PBXGroup;
			children = (
				2C84C75A254D5DFD002E89E8 /* 图 */,
				2C84C73C254D333E002E89E8 /* 并查集 */,
			);
			path = "数据结构";
			sourceTree = "<group>";
		};
		2C571F8424F4D48C00E74CB7 /* 数组 */ = {
			isa = PBXGroup;
			children = (
				2C571F8C24F5119400E74CB7 /* 16.16. 部分排序.swift */,
				2C571F8724F4ED7900E74CB7 /* 75. 颜色分类.swift */,
				2C571F8524F4D4FE00E74CB7 /* 88. 合并两个有序数组.swift */,
				2C571F8E24F51DE800E74CB7 /* 164. 最大间距.swift */,
				2C571F9024F51F2300E74CB7 /* 977. 有序数组的平方.swift */,
			);
			path = "数组";
			sourceTree = "<group>";
		};
		2C571F8924F50B9700E74CB7 /* Common */ = {
			isa = PBXGroup;
			children = (
				2C571F8A24F50BA200E74CB7 /* Swap.swift */,
				2C571F9624F521B000E74CB7 /* ListNode.swift */,
				2C571FA324F6658800E74CB7 /* Stack.swift */,
				2C571FA724F754FF00E74CB7 /* Deque.swift */,
				2C571FAB24F788A100E74CB7 /* TreeNode.swift */,
			);
			path = Common;
			sourceTree = "<group>";
		};
		2C571F9324F520AA00E74CB7 /* 链表 */ = {
			isa = PBXGroup;
			children = (
				2C571F9824F6156B00E74CB7 /* 2. 两数相加.swift */,
				2C571F9C24F6324B00E74CB7 /* 86. 分隔链表.swift */,
				2C571F9A24F62AD600E74CB7 /* 160. 相交链表.swift */,
				2C571F9424F5215200E74CB7 /* 203. 移除链表元素.swift */,
				2C571F9E24F63F5900E74CB7 /* 234. 回文链表.swift */,
				2CD6F7C2251240B50091F223 /* 25. K 个一组翻转链表.swift */,
				2CD6F7C4251240EE0091F223 /* 21. 合并两个有序链表.swift */,
				2CD6F7C62512410C0091F223 /* 23. 合并K个升序链表.swift */,
				2CD6F7C8251241320091F223 /* 141. 环形链表.swift */,
				2CD6F7CA251241530091F223 /* 206. 反转链表.swift */,
				2CD6F7CC251241780091F223 /* 237. 删除链表中的节点.swift */,
				2CD6F7CE251241A20091F223 /* 24. 两两交换链表中的节点.swift */,
				2C66808325188BBD00C0D959 /* 83. 删除排序链表中的重复元素.swift */,
				2C6680862518927D00C0D959 /* 876. 链表的中间结点.swift */,
				2C66808D251895A400C0D959 /* 剑指 Offer 06. 从尾到头打印链表.swift */,
			);
			path = "链表";
			sourceTree = "<group>";
		};
		2C571FA024F6627100E74CB7 /* 栈、队列 */ = {
			isa = PBXGroup;
			children = (
				2C571FA124F6645500E74CB7 /* 155. 最小栈.swift */,
				2C571FA524F6994400E74CB7 /* 239. 滑动窗口最大值.swift */,
				2C571FA924F7876A00E74CB7 /* 654. 最大二叉树.swift */,
				2C571FAD24F7996A00E74CB7 /* 739. 每日温度.swift */,
			);
			path = "栈、队列";
			sourceTree = "<group>";
		};
		2C571FB124F7F0A000E74CB7 /* 字符串 */ = {
			isa = PBXGroup;
			children = (
				2C571FB224F7F0B100E74CB7 /* 面试题 01.09. 字符串轮转.swift */,
				2CD3A5E325071B0700EB78FB /* 572. 另一个树的子树.swift */,
				2CD3A5E52507607B00EB78FB /* 242. 有效的字母异位词.swift */,
				2CD3A5E72508A21600EB78FB /* 151. 翻转字符串里的单词.swift */,
				2CCB28592509D661004F0BDD /* 3. 无重复字符的最长子串.swift */,
			);
			path = "字符串";
			sourceTree = "<group>";
		};
		2C84C73C254D333E002E89E8 /* 并查集 */ = {
			isa = PBXGroup;
			children = (
				2C84C73D254D35B7002E89E8 /* UnionFind.swift */,
				2C84C741254D3C87002E89E8 /* UnionFind_QF.swift */,
				2C84C744254D49AD002E89E8 /* UnionFind_QU.swift */,
				2C84C747254D4FA8002E89E8 /* UnionFind_QU_S.swift */,
				2C84C74A254D521E002E89E8 /* UnionFind_QU_R.swift */,
				2C84C74D254D53B7002E89E8 /* UnionFind_QU_R_PC.swift */,
				2C84C750254D56AA002E89E8 /* UnionFind_QU_R_PS.swift */,
				2C84C754254D583A002E89E8 /* UnionFind_QU_R_PH.swift */,
			);
			path = "并查集";
			sourceTree = "<group>";
		};
		2C84C75A254D5DFD002E89E8 /* 图 */ = {
			isa = PBXGroup;
			children = (
				2C835036254FF34400AEFC97 /* Graph.swift */,
				2C83503925500F1600AEFC97 /* ListGraph.swift */,
				2C83503C255026C000AEFC97 /* Vertex.swift */,
				2C83503F255026D500AEFC97 /* Edge.swift */,
			);
			path = "图";
			sourceTree = "<group>";
		};
		2CADB1BF2514BBFB00276DEF /* 贪心 */ = {
			isa = PBXGroup;
			children = (
				2CADB1C02514BC1400276DEF /* 455. 分发饼干.swift */,
				2CADB1C42514BC5F00276DEF /* 452. 用最少数量的箭引爆气球.swift */,
				2CADB1CA2514BCB000276DEF /* 605. 种花问题.swift */,
				2CADB1CD2514BCCF00276DEF /* 135. 分发糖果.swift */,
				2CADB1D32514BE0300276DEF /* 518. 零钱兑换 II.swift */,
			);
			path = "贪心";
			sourceTree = "<group>";
		};
		2CCB285B250A601B004F0BDD /* 动态规划 */ = {
			isa = PBXGroup;
			children = (
				2CFABBD4250B696800D03A9B /* 5. 最长回文子串.swift */,
				2C7401022514E1CD00A3BC8C /* 53. 最大子序和.swift */,
				2C5B537E250B50050004819D /* 72. 编辑距离.swift */,
				2CCB285E250B4600004F0BDD /* 121. 买卖股票的最佳时机.swift */,
				2CCB2860250B49A2004F0BDD /* 122. 买卖股票的最佳时机 II.swift */,
				2C4F1D4C2515FF1800BE25FB /* 300. 最长上升子序列.swift */,
				2CADB1D02514BDDA00276DEF /* 322. 零钱兑换.swift */,
				2CCB285C250A6029004F0BDD /* 剑指 Offer 47. 礼物的最大价值.swift */,
				2C4F1D4F2516123000BE25FB /* 1143. 最长公共子序列.swift */,
			);
			path = "动态规划";
			sourceTree = "<group>";
		};
		2CD6F7A9250F7B6B0091F223 /* 高频题 */ = {
			isa = PBXGroup;
			children = (
				2CD6F7AC250F89B30091F223 /* 1. 两数之和.swift */,
				2CD6F7B82510D2C70091F223 /* 7. 整数反转.swift */,
				2CD6F7BE2510E4280091F223 /* 11. 盛最多水的容器.swift */,
				2CD6F7AE250F94E60091F223 /* 15. 三数之和.swift */,
				2CD6F7C02510F3940091F223 /* 42. 接雨水.swift */,
				2CD6F7B0250FA6180091F223 /* 50. Pow(x, n).swift */,
				2CD6F7B425108EE80091F223 /* 54. 螺旋矩阵.swift */,
				2CD6F7B625109FA20091F223 /* 146. LRU缓存机制.swift */,
				2CD6F7BA2510DBDC0091F223 /* 252.会议室.swift */,
				2CD6F7BC2510DD920091F223 /* 253.会议室2.swift */,
				2CD6F7AA250F7BC10091F223 /* 283. 移动零.swift */,
				2CD6F7B2251082B50091F223 /* 剑指 Offer 62. 圆圈中最后剩下的数字.swift */,
			);
			path = "高频题";
			sourceTree = "<group>";
		};
		2CFABBD6250BA39F00D03A9B /* 二叉树 */ = {
			isa = PBXGroup;
			children = (
				2CFABBD9250C8DCA00D03A9B /* 99. 恢复二叉搜索树.swift */,
				2C66809325189D2000C0D959 /* 100. 相同的树.swift */,
				2C6680962518A19400C0D959 /* 101. 对称二叉树.swift */,
				2C6680992518A6B800C0D959 /* 104. 二叉树的最大深度.swift */,
				2C66809C2518B0F200C0D959 /* 107. 二叉树的层次遍历 II.swift */,
				2C66809F2518D57300C0D959 /* 108. 将有序数组转换为二叉搜索树.swift */,
				2C6680A22518D97000C0D959 /* 110. 平衡二叉树.swift */,
				2C6680A52518DBAF00C0D959 /* 111. 二叉树的最小深度.swift */,
				2C6680A82518DE4800C0D959 /* 112. 路径总和.swift */,
				2C6680AB2518E35600C0D959 /* 226. 翻转二叉树.swift */,
				2CFABBD7250BA3E200D03A9B /* 236. 二叉树的最近公共祖先.swift */,
				2CFABBDB250C9E2E00D03A9B /* 333.最大BST子树.swift */,
				2C668090251897FB00C0D959 /* 538. 把二叉搜索树转换为累加树.swift */,
				2CD9B8412519EEBD00A09EBB /* 257. 二叉树的所有路径.swift */,
				2CD9B8AF2519FE3300A09EBB /* 404. 左叶子之和.swift */,
				2CD70FF1251B469200DC051B /* 501. 二叉搜索树中的众数.swift */,
				2CD70FF4251B48F800DC051B /* 617. 合并二叉树.swift */,
				2CD70FF7251B4ACE00DC051B /* 530. 二叉搜索树的最小绝对差.swift */,
				2CD70FFA251B523600DC051B /* 543. 二叉树的直径.swift */,
			);
			path = "二叉树";
			sourceTree = "<group>";
		};
		2CFABBDD250CBDBB00D03A9B /* DFS */ = {
			isa = PBXGroup;
			children = (
				2CFABBDE250CBF2300D03A9B /* 17. 电话号码的字母组合.swift */,
				2CFABBE0250CD86700D03A9B /* 46. 全排列.swift */,
				2CFABBE2250CE29200D03A9B /* 22. 括号生成.swift */,
			);
			path = DFS;
			sourceTree = "<group>";
		};
/* End PBXGroup section */

/* Begin PBXNativeTarget section */
		2C571F7724F3AB2600E74CB7 /* algorithmAndAataAtructure */ = {
			isa = PBXNativeTarget;
			buildConfigurationList = 2C571F7F24F3AB2600E74CB7 /* Build configuration list for PBXNativeTarget "algorithmAndAataAtructure" */;
			buildPhases = (
				2C571F7424F3AB2600E74CB7 /* Sources */,
				2C571F7524F3AB2600E74CB7 /* Frameworks */,
				2C571F7624F3AB2600E74CB7 /* CopyFiles */,
			);
			buildRules = (
			);
			dependencies = (
			);
			name = algorithmAndAataAtructure;
			productName = algorithmAndAataAtructure;
			productReference = 2C571F7824F3AB2600E74CB7 /* algorithmAndAataAtructure */;
			productType = "com.apple.product-type.tool";
		};
/* End PBXNativeTarget section */

/* Begin PBXProject section */
		2C571F7024F3AB2600E74CB7 /* Project object */ = {
			isa = PBXProject;
			attributes = {
				LastSwiftUpdateCheck = 1160;
				LastUpgradeCheck = 1160;
				ORGANIZATIONNAME = "孙琦";
				TargetAttributes = {
					2C571F7724F3AB2600E74CB7 = {
						CreatedOnToolsVersion = 11.6;
					};
				};
			};
			buildConfigurationList = 2C571F7324F3AB2600E74CB7 /* Build configuration list for PBXProject "algorithmAndAataAtructure" */;
			compatibilityVersion = "Xcode 9.3";
			developmentRegion = en;
			hasScannedForEncodings = 0;
			knownRegions = (
				en,
				Base,
			);
			mainGroup = 2C571F6F24F3AB2600E74CB7;
			productRefGroup = 2C571F7924F3AB2600E74CB7 /* Products */;
			projectDirPath = "";
			projectRoot = "";
			targets = (
				2C571F7724F3AB2600E74CB7 /* algorithmAndAataAtructure */,
			);
		};
/* End PBXProject section */

/* Begin PBXSourcesBuildPhase section */
		2C571F7424F3AB2600E74CB7 /* Sources */ = {
			isa = PBXSourcesBuildPhase;
			buildActionMask = 2147483647;
			files = (
				2C571F8B24F50BA200E74CB7 /* Swap.swift in Sources */,
				2C84C74E254D53B7002E89E8 /* UnionFind_QU_R_PC.swift in Sources */,
				2CD6F7BF2510E4280091F223 /* 11. 盛最多水的容器.swift in Sources */,
				2C84C736254C3BCE002E89E8 /* 快速排序.swift in Sources */,
				2C84C599254A6E02002E89E8 /* 冒泡排序2.swift in Sources */,
				2C5B537F250B50050004819D /* 72. 编辑距离.swift in Sources */,
				2CADB1C12514BC1400276DEF /* 455. 分发饼干.swift in Sources */,
				2C571FA424F6658800E74CB7 /* Stack.swift in Sources */,
				2CFABBD5250B696800D03A9B /* 5. 最长回文子串.swift in Sources */,
				2CFABBDF250CBF2300D03A9B /* 17. 电话号码的字母组合.swift in Sources */,
				2C571F9D24F6324B00E74CB7 /* 86. 分隔链表.swift in Sources */,
				2CCB285A2509D661004F0BDD /* 3. 无重复字符的最长子串.swift in Sources */,
				2CFABBD8250BA3E200D03A9B /* 236. 二叉树的最近公共祖先.swift in Sources */,
				2CD70FF8251B4ACE00DC051B /* 530. 二叉搜索树的最小绝对差.swift in Sources */,
				2CD9B8B02519FE3400A09EBB /* 404. 左叶子之和.swift in Sources */,
				2CD6F7AD250F89B30091F223 /* 1. 两数之和.swift in Sources */,
				2C571FA824F754FF00E74CB7 /* Deque.swift in Sources */,
				2CD3A5E82508A21600EB78FB /* 151. 翻转字符串里的单词.swift in Sources */,
				2CD6F7CD251241780091F223 /* 237. 删除链表中的节点.swift in Sources */,
				2CCB285F250B4600004F0BDD /* 121. 买卖股票的最佳时机.swift in Sources */,
				2CD6F7C9251241320091F223 /* 141. 环形链表.swift in Sources */,
				2CADB1CB2514BCB000276DEF /* 605. 种花问题.swift in Sources */,
				2CADB1D12514BDDA00276DEF /* 322. 零钱兑换.swift in Sources */,
				2C84C68D254BF2B6002E89E8 /* 插入排序1.swift in Sources */,
				2C571F8D24F5119400E74CB7 /* 16.16. 部分排序.swift in Sources */,
				2C84C745254D49AD002E89E8 /* UnionFind_QU.swift in Sources */,
				2CD6F7B525108EE80091F223 /* 54. 螺旋矩阵.swift in Sources */,
				2C571F9724F521B000E74CB7 /* ListNode.swift in Sources */,
				2C84C596254A63C0002E89E8 /* Sort.swift in Sources */,
				2C84C742254D3C87002E89E8 /* UnionFind_QF.swift in Sources */,
				2C84C59C254A7094002E89E8 /* 冒泡排序3.swift in Sources */,
				2C571F7C24F3AB2600E74CB7 /* main.swift in Sources */,
				2C6680A62518DBAF00C0D959 /* 111. 二叉树的最小深度.swift in Sources */,
				2CD6F7CF251241A20091F223 /* 24. 两两交换链表中的节点.swift in Sources */,
				2C4F1D502516123000BE25FB /* 1143. 最长公共子序列.swift in Sources */,
				2C571FA224F6645500E74CB7 /* 155. 最小栈.swift in Sources */,
				2CD6F7AF250F94E60091F223 /* 15. 三数之和.swift in Sources */,
				2CD70FF5251B48F800DC051B /* 617. 合并二叉树.swift in Sources */,
				2C66808E251895A400C0D959 /* 剑指 Offer 06. 从尾到头打印链表.swift in Sources */,
				2C571F9124F51F2300E74CB7 /* 977. 有序数组的平方.swift in Sources */,
				2C835037254FF34400AEFC97 /* Graph.swift in Sources */,
				2CD6F7B1250FA6180091F223 /* 50. Pow(x, n).swift in Sources */,
				2C83503A25500F1600AEFC97 /* ListGraph.swift in Sources */,
				2CADB1CE2514BCCF00276DEF /* 135. 分发糖果.swift in Sources */,
				2C668091251897FB00C0D959 /* 538. 把二叉搜索树转换为累加树.swift in Sources */,
				2C571FAA24F7876A00E74CB7 /* 654. 最大二叉树.swift in Sources */,
				2C571FAE24F7996A00E74CB7 /* 739. 每日温度.swift in Sources */,
				2C6680872518927D00C0D959 /* 876. 链表的中间结点.swift in Sources */,
				2CD6F7C72512410C0091F223 /* 23. 合并K个升序链表.swift in Sources */,
				2CD6F7B3251082B50091F223 /* 剑指 Offer 62. 圆圈中最后剩下的数字.swift in Sources */,
				2CD3A5E425071B0700EB78FB /* 572. 另一个树的子树.swift in Sources */,
				2C66809425189D2000C0D959 /* 100. 相同的树.swift in Sources */,
				2C84C751254D56AA002E89E8 /* UnionFind_QU_R_PS.swift in Sources */,
				2C84C755254D583A002E89E8 /* UnionFind_QU_R_PH.swift in Sources */,
				2C571F8F24F51DE800E74CB7 /* 164. 最大间距.swift in Sources */,
				2C83503D255026C000AEFC97 /* Vertex.swift in Sources */,
				2CD6F7BD2510DD920091F223 /* 253.会议室2.swift in Sources */,
				2C84C74B254D521E002E89E8 /* UnionFind_QU_R.swift in Sources */,
				2C6680A02518D57300C0D959 /* 108. 将有序数组转换为二叉搜索树.swift in Sources */,
				2CD9B8422519EEBD00A09EBB /* 257. 二叉树的所有路径.swift in Sources */,
				2CADB1D42514BE0300276DEF /* 518. 零钱兑换 II.swift in Sources */,
				2C84C73E254D35B8002E89E8 /* UnionFind.swift in Sources */,
				2CFABBDC250C9E2E00D03A9B /* 333.最大BST子树.swift in Sources */,
				2CD6F7B92510D2C70091F223 /* 7. 整数反转.swift in Sources */,
				2C84C730254C03B9002E89E8 /* 插入排序3.swift in Sources */,
				2CD6F7C12510F3950091F223 /* 42. 接雨水.swift in Sources */,
				2CFABBE3250CE29200D03A9B /* 22. 括号生成.swift in Sources */,
				2C7401032514E1CD00A3BC8C /* 53. 最大子序和.swift in Sources */,
				2C4F1D4D2515FF1800BE25FB /* 300. 最长上升子序列.swift in Sources */,
				2C571F9924F6156B00E74CB7 /* 2. 两数相加.swift in Sources */,
				2C6680A92518DE4800C0D959 /* 112. 路径总和.swift in Sources */,
				2C84C72C254BFF13002E89E8 /* 插入排序2.swift in Sources */,
				2CCB2861250B49A2004F0BDD /* 122. 买卖股票的最佳时机 II.swift in Sources */,
				2C66809D2518B0F200C0D959 /* 107. 二叉树的层次遍历 II.swift in Sources */,
				2CD6F7AB250F7BC10091F223 /* 283. 移动零.swift in Sources */,
				2C571F8824F4ED7900E74CB7 /* 75. 颜色分类.swift in Sources */,
				2CD6F7C3251240B50091F223 /* 25. K 个一组翻转链表.swift in Sources */,
				2CD6F7C5251240EE0091F223 /* 21. 合并两个有序链表.swift in Sources */,
				2C571F8624F4D4FE00E74CB7 /* 88. 合并两个有序数组.swift in Sources */,
				2C84C748254D4FA8002E89E8 /* UnionFind_QU_S.swift in Sources */,
				2C6680972518A19400C0D959 /* 101. 对称二叉树.swift in Sources */,
				2C571F9F24F63F5900E74CB7 /* 234. 回文链表.swift in Sources */,
				2CD6F7B725109FA20091F223 /* 146. LRU缓存机制.swift in Sources */,
				2CD70FF2251B469200DC051B /* 501. 二叉搜索树中的众数.swift in Sources */,
				2CADB1C52514BC5F00276DEF /* 452. 用最少数量的箭引爆气球.swift in Sources */,
				2CD3A5E62507607B00EB78FB /* 242. 有效的字母异位词.swift in Sources */,
				2C571FAC24F788A100E74CB7 /* TreeNode.swift in Sources */,
				2C84C73A254D1B96002E89E8 /* 希尔排序.swift in Sources */,
				2C84C5A0254A7336002E89E8 /* 选择排序.swift in Sources */,
				2C571F9B24F62AD600E74CB7 /* 160. 相交链表.swift in Sources */,
				2C571FB324F7F0B100E74CB7 /* 面试题 01.09. 字符串轮转.swift in Sources */,
				2CCB285D250A6029004F0BDD /* 剑指 Offer 47. 礼物的最大价值.swift in Sources */,
				2CD6F7BB2510DBDC0091F223 /* 252.会议室.swift in Sources */,
				2C571F9524F5215200E74CB7 /* 203. 移除链表元素.swift in Sources */,
				2C835040255026D500AEFC97 /* Edge.swift in Sources */,
				2C571FA624F6994400E74CB7 /* 239. 滑动窗口最大值.swift in Sources */,
				2CD70FFB251B523600DC051B /* 543. 二叉树的直径.swift in Sources */,
				2CD6F7CB251241530091F223 /* 206. 反转链表.swift in Sources */,
				2CFABBDA250C8DCA00D03A9B /* 99. 恢复二叉搜索树.swift in Sources */,
				2CFABBE1250CD86700D03A9B /* 46. 全排列.swift in Sources */,
				2C84C593254A639D002E89E8 /* 冒泡排序1.swift in Sources */,
				2C84C733254C07AF002E89E8 /* 归并排序.swift in Sources */,
				2C6680AC2518E35600C0D959 /* 226. 翻转二叉树.swift in Sources */,
				2C6680A32518D97000C0D959 /* 110. 平衡二叉树.swift in Sources */,
				2C66809A2518A6B800C0D959 /* 104. 二叉树的最大深度.swift in Sources */,
				2C66808425188BBD00C0D959 /* 83. 删除排序链表中的重复元素.swift in Sources */,
				2C84C5A3254AB0DB002E89E8 /* 堆排序.swift in Sources */,
			);
			runOnlyForDeploymentPostprocessing = 0;
		};
/* End PBXSourcesBuildPhase section */

/* Begin XCBuildConfiguration section */
		2C571F7D24F3AB2600E74CB7 /* Debug */ = {
			isa = XCBuildConfiguration;
			buildSettings = {
				ALWAYS_SEARCH_USER_PATHS = NO;
				CLANG_ANALYZER_NONNULL = YES;
				CLANG_ANALYZER_NUMBER_OBJECT_CONVERSION = YES_AGGRESSIVE;
				CLANG_CXX_LANGUAGE_STANDARD = "gnu++14";
				CLANG_CXX_LIBRARY = "libc++";
				CLANG_ENABLE_MODULES = YES;
				CLANG_ENABLE_OBJC_ARC = YES;
				CLANG_ENABLE_OBJC_WEAK = YES;
				CLANG_WARN_BLOCK_CAPTURE_AUTORELEASING = YES;
				CLANG_WARN_BOOL_CONVERSION = YES;
				CLANG_WARN_COMMA = YES;
				CLANG_WARN_CONSTANT_CONVERSION = YES;
				CLANG_WARN_DEPRECATED_OBJC_IMPLEMENTATIONS = YES;
				CLANG_WARN_DIRECT_OBJC_ISA_USAGE = YES_ERROR;
				CLANG_WARN_DOCUMENTATION_COMMENTS = YES;
				CLANG_WARN_EMPTY_BODY = YES;
				CLANG_WARN_ENUM_CONVERSION = YES;
				CLANG_WARN_INFINITE_RECURSION = YES;
				CLANG_WARN_INT_CONVERSION = YES;
				CLANG_WARN_NON_LITERAL_NULL_CONVERSION = YES;
				CLANG_WARN_OBJC_IMPLICIT_RETAIN_SELF = YES;
				CLANG_WARN_OBJC_LITERAL_CONVERSION = YES;
				CLANG_WARN_OBJC_ROOT_CLASS = YES_ERROR;
				CLANG_WARN_RANGE_LOOP_ANALYSIS = YES;
				CLANG_WARN_STRICT_PROTOTYPES = YES;
				CLANG_WARN_SUSPICIOUS_MOVE = YES;
				CLANG_WARN_UNGUARDED_AVAILABILITY = YES_AGGRESSIVE;
				CLANG_WARN_UNREACHABLE_CODE = YES;
				CLANG_WARN__DUPLICATE_METHOD_MATCH = YES;
				COPY_PHASE_STRIP = NO;
				DEBUG_INFORMATION_FORMAT = dwarf;
				ENABLE_STRICT_OBJC_MSGSEND = YES;
				ENABLE_TESTABILITY = YES;
				GCC_C_LANGUAGE_STANDARD = gnu11;
				GCC_DYNAMIC_NO_PIC = NO;
				GCC_NO_COMMON_BLOCKS = YES;
				GCC_OPTIMIZATION_LEVEL = 0;
				GCC_PREPROCESSOR_DEFINITIONS = (
					"DEBUG=1",
					"$(inherited)",
				);
				GCC_WARN_64_TO_32_BIT_CONVERSION = YES;
				GCC_WARN_ABOUT_RETURN_TYPE = YES_ERROR;
				GCC_WARN_UNDECLARED_SELECTOR = YES;
				GCC_WARN_UNINITIALIZED_AUTOS = YES_AGGRESSIVE;
				GCC_WARN_UNUSED_FUNCTION = YES;
				GCC_WARN_UNUSED_VARIABLE = YES;
				MACOSX_DEPLOYMENT_TARGET = 10.15;
				MTL_ENABLE_DEBUG_INFO = INCLUDE_SOURCE;
				MTL_FAST_MATH = YES;
				ONLY_ACTIVE_ARCH = YES;
				SDKROOT = macosx;
				SWIFT_ACTIVE_COMPILATION_CONDITIONS = DEBUG;
				SWIFT_OPTIMIZATION_LEVEL = "-Onone";
			};
			name = Debug;
		};
		2C571F7E24F3AB2600E74CB7 /* Release */ = {
			isa = XCBuildConfiguration;
			buildSettings = {
				ALWAYS_SEARCH_USER_PATHS = NO;
				CLANG_ANALYZER_NONNULL = YES;
				CLANG_ANALYZER_NUMBER_OBJECT_CONVERSION = YES_AGGRESSIVE;
				CLANG_CXX_LANGUAGE_STANDARD = "gnu++14";
				CLANG_CXX_LIBRARY = "libc++";
				CLANG_ENABLE_MODULES = YES;
				CLANG_ENABLE_OBJC_ARC = YES;
				CLANG_ENABLE_OBJC_WEAK = YES;
				CLANG_WARN_BLOCK_CAPTURE_AUTORELEASING = YES;
				CLANG_WARN_BOOL_CONVERSION = YES;
				CLANG_WARN_COMMA = YES;
				CLANG_WARN_CONSTANT_CONVERSION = YES;
				CLANG_WARN_DEPRECATED_OBJC_IMPLEMENTATIONS = YES;
				CLANG_WARN_DIRECT_OBJC_ISA_USAGE = YES_ERROR;
				CLANG_WARN_DOCUMENTATION_COMMENTS = YES;
				CLANG_WARN_EMPTY_BODY = YES;
				CLANG_WARN_ENUM_CONVERSION = YES;
				CLANG_WARN_INFINITE_RECURSION = YES;
				CLANG_WARN_INT_CONVERSION = YES;
				CLANG_WARN_NON_LITERAL_NULL_CONVERSION = YES;
				CLANG_WARN_OBJC_IMPLICIT_RETAIN_SELF = YES;
				CLANG_WARN_OBJC_LITERAL_CONVERSION = YES;
				CLANG_WARN_OBJC_ROOT_CLASS = YES_ERROR;
				CLANG_WARN_RANGE_LOOP_ANALYSIS = YES;
				CLANG_WARN_STRICT_PROTOTYPES = YES;
				CLANG_WARN_SUSPICIOUS_MOVE = YES;
				CLANG_WARN_UNGUARDED_AVAILABILITY = YES_AGGRESSIVE;
				CLANG_WARN_UNREACHABLE_CODE = YES;
				CLANG_WARN__DUPLICATE_METHOD_MATCH = YES;
				COPY_PHASE_STRIP = NO;
				DEBUG_INFORMATION_FORMAT = "dwarf-with-dsym";
				ENABLE_NS_ASSERTIONS = NO;
				ENABLE_STRICT_OBJC_MSGSEND = YES;
				GCC_C_LANGUAGE_STANDARD = gnu11;
				GCC_NO_COMMON_BLOCKS = YES;
				GCC_WARN_64_TO_32_BIT_CONVERSION = YES;
				GCC_WARN_ABOUT_RETURN_TYPE = YES_ERROR;
				GCC_WARN_UNDECLARED_SELECTOR = YES;
				GCC_WARN_UNINITIALIZED_AUTOS = YES_AGGRESSIVE;
				GCC_WARN_UNUSED_FUNCTION = YES;
				GCC_WARN_UNUSED_VARIABLE = YES;
				MACOSX_DEPLOYMENT_TARGET = 10.15;
				MTL_ENABLE_DEBUG_INFO = NO;
				MTL_FAST_MATH = YES;
				SDKROOT = macosx;
				SWIFT_COMPILATION_MODE = wholemodule;
				SWIFT_OPTIMIZATION_LEVEL = "-O";
			};
			name = Release;
		};
		2C571F8024F3AB2600E74CB7 /* Debug */ = {
			isa = XCBuildConfiguration;
			buildSettings = {
				CODE_SIGN_STYLE = Automatic;
				PRODUCT_NAME = "$(TARGET_NAME)";
				SWIFT_VERSION = 5.0;
			};
			name = Debug;
		};
		2C571F8124F3AB2600E74CB7 /* Release */ = {
			isa = XCBuildConfiguration;
			buildSettings = {
				CODE_SIGN_STYLE = Automatic;
				PRODUCT_NAME = "$(TARGET_NAME)";
				SWIFT_VERSION = 5.0;
			};
			name = Release;
		};
/* End XCBuildConfiguration section */

/* Begin XCConfigurationList section */
		2C571F7324F3AB2600E74CB7 /* Build configuration list for PBXProject "algorithmAndAataAtructure" */ = {
			isa = XCConfigurationList;
			buildConfigurations = (
				2C571F7D24F3AB2600E74CB7 /* Debug */,
				2C571F7E24F3AB2600E74CB7 /* Release */,
			);
			defaultConfigurationIsVisible = 0;
			defaultConfigurationName = Release;
		};
		2C571F7F24F3AB2600E74CB7 /* Build configuration list for PBXNativeTarget "algorithmAndAataAtructure" */ = {
			isa = XCConfigurationList;
			buildConfigurations = (
				2C571F8024F3AB2600E74CB7 /* Debug */,
				2C571F8124F3AB2600E74CB7 /* Release */,
			);
			defaultConfigurationIsVisible = 0;
			defaultConfigurationName = Release;
		};
/* End XCConfigurationList section */
	};
	rootObject = 2C571F7024F3AB2600E74CB7 /* Project object */;
}
