// !$*UTF8*$!
{
	archiveVersion = 1;
	classes = {
	};
	objectVersion = 50;
	objects = {

/* Begin PBXBuildFile section */
		2C571F7C24F3AB2600E74CB7 /* main.swift in Sources */ = {isa = PBXBuildFile; fileRef = 2C571F7B24F3AB2600E74CB7 /* main.swift */; };
		2C571F8624F4D4FE00E74CB7 /* 88. 合并两个有序数组.swift in Sources */ = {isa = PBXBuildFile; fileRef = 2C571F8524F4D4FE00E74CB7 /* 88. 合并两个有序数组.swift */; };
		2C571F8824F4ED7900E74CB7 /* 75. 颜色分类.swift in Sources */ = {isa = PBXBuildFile; fileRef = 2C571F8724F4ED7900E74CB7 /* 75. 颜色分类.swift */; };
		2C571F8B24F50BA200E74CB7 /* Swap.swift in Sources */ = {isa = PBXBuildFile; fileRef = 2C571F8A24F50BA200E74CB7 /* Swap.swift */; };
		2C571F8D24F5119400E74CB7 /* 16.16. 部分排序.swift in Sources */ = {isa = PBXBuildFile; fileRef = 2C571F8C24F5119400E74CB7 /* 16.16. 部分排序.swift */; };
		2C571F8F24F51DE800E74CB7 /* 164. 最大间距.swift in Sources */ = {isa = PBXBuildFile; fileRef = 2C571F8E24F51DE800E74CB7 /* 164. 最大间距.swift */; };
		2C571F9124F51F2300E74CB7 /* 977. 有序数组的平方.swift in Sources */ = {isa = PBXBuildFile; fileRef = 2C571F9024F51F2300E74CB7 /* 977. 有序数组的平方.swift */; };
		2C571F9524F5215200E74CB7 /* 203. 移除链表元素.swift in Sources */ = {isa = PBXBuildFile; fileRef = 2C571F9424F5215200E74CB7 /* 203. 移除链表元素.swift */; };
		2C571F9724F521B000E74CB7 /* ListNode.swift in Sources */ = {isa = PBXBuildFile; fileRef = 2C571F9624F521B000E74CB7 /* ListNode.swift */; };
		2C571F9924F6156B00E74CB7 /* 2. 两数相加.swift in Sources */ = {isa = PBXBuildFile; fileRef = 2C571F9824F6156B00E74CB7 /* 2. 两数相加.swift */; };
		2C571F9B24F62AD600E74CB7 /* 160. 相交链表.swift in Sources */ = {isa = PBXBuildFile; fileRef = 2C571F9A24F62AD600E74CB7 /* 160. 相交链表.swift */; };
/* End PBXBuildFile section */

/* Begin PBXCopyFilesBuildPhase section */
		2C571F7624F3AB2600E74CB7 /* CopyFiles */ = {
			isa = PBXCopyFilesBuildPhase;
			buildActionMask = 2147483647;
			dstPath = /usr/share/man/man1/;
			dstSubfolderSpec = 0;
			files = (
			);
			runOnlyForDeploymentPostprocessing = 1;
		};
/* End PBXCopyFilesBuildPhase section */

/* Begin PBXFileReference section */
		2C571F7824F3AB2600E74CB7 /* algorithmAndAataAtructure */ = {isa = PBXFileReference; explicitFileType = "compiled.mach-o.executable"; includeInIndex = 0; path = algorithmAndAataAtructure; sourceTree = BUILT_PRODUCTS_DIR; };
		2C571F7B24F3AB2600E74CB7 /* main.swift */ = {isa = PBXFileReference; lastKnownFileType = sourcecode.swift; path = main.swift; sourceTree = "<group>"; };
		2C571F8524F4D4FE00E74CB7 /* 88. 合并两个有序数组.swift */ = {isa = PBXFileReference; lastKnownFileType = sourcecode.swift; path = "88. 合并两个有序数组.swift"; sourceTree = "<group>"; };
		2C571F8724F4ED7900E74CB7 /* 75. 颜色分类.swift */ = {isa = PBXFileReference; lastKnownFileType = sourcecode.swift; path = "75. 颜色分类.swift"; sourceTree = "<group>"; };
		2C571F8A24F50BA200E74CB7 /* Swap.swift */ = {isa = PBXFileReference; lastKnownFileType = sourcecode.swift; path = Swap.swift; sourceTree = "<group>"; };
		2C571F8C24F5119400E74CB7 /* 16.16. 部分排序.swift */ = {isa = PBXFileReference; lastKnownFileType = sourcecode.swift; path = "16.16. 部分排序.swift"; sourceTree = "<group>"; };
		2C571F8E24F51DE800E74CB7 /* 164. 最大间距.swift */ = {isa = PBXFileReference; lastKnownFileType = sourcecode.swift; path = "164. 最大间距.swift"; sourceTree = "<group>"; };
		2C571F9024F51F2300E74CB7 /* 977. 有序数组的平方.swift */ = {isa = PBXFileReference; lastKnownFileType = sourcecode.swift; path = "977. 有序数组的平方.swift"; sourceTree = "<group>"; };
		2C571F9424F5215200E74CB7 /* 203. 移除链表元素.swift */ = {isa = PBXFileReference; lastKnownFileType = sourcecode.swift; path = "203. 移除链表元素.swift"; sourceTree = "<group>"; };
		2C571F9624F521B000E74CB7 /* ListNode.swift */ = {isa = PBXFileReference; lastKnownFileType = sourcecode.swift; path = ListNode.swift; sourceTree = "<group>"; };
		2C571F9824F6156B00E74CB7 /* 2. 两数相加.swift */ = {isa = PBXFileReference; lastKnownFileType = sourcecode.swift; path = "2. 两数相加.swift"; sourceTree = "<group>"; };
		2C571F9A24F62AD600E74CB7 /* 160. 相交链表.swift */ = {isa = PBXFileReference; lastKnownFileType = sourcecode.swift; path = "160. 相交链表.swift"; sourceTree = "<group>"; };
/* End PBXFileReference section */

/* Begin PBXFrameworksBuildPhase section */
		2C571F7524F3AB2600E74CB7 /* Frameworks */ = {
			isa = PBXFrameworksBuildPhase;
			buildActionMask = 2147483647;
			files = (
			);
			runOnlyForDeploymentPostprocessing = 0;
		};
/* End PBXFrameworksBuildPhase section */

/* Begin PBXGroup section */
		2C571F6F24F3AB2600E74CB7 = {
			isa = PBXGroup;
			children = (
				2C571F7A24F3AB2600E74CB7 /* algorithmAndAataAtructure */,
				2C571F7924F3AB2600E74CB7 /* Products */,
			);
			sourceTree = "<group>";
		};
		2C571F7924F3AB2600E74CB7 /* Products */ = {
			isa = PBXGroup;
			children = (
				2C571F7824F3AB2600E74CB7 /* algorithmAndAataAtructure */,
			);
			name = Products;
			sourceTree = "<group>";
		};
		2C571F7A24F3AB2600E74CB7 /* algorithmAndAataAtructure */ = {
			isa = PBXGroup;
			children = (
				2C571F8924F50B9700E74CB7 /* Common */,
				2C571F8324F4D48200E74CB7 /* 数据结构 */,
				2C571F8224F4D47600E74CB7 /* 算法 */,
				2C571F7B24F3AB2600E74CB7 /* main.swift */,
			);
			path = algorithmAndAataAtructure;
			sourceTree = "<group>";
		};
		2C571F8224F4D47600E74CB7 /* 算法 */ = {
			isa = PBXGroup;
			children = (
				2C571F9324F520AA00E74CB7 /* 链表 */,
				2C571F8424F4D48C00E74CB7 /* 数组 */,
			);
			path = "算法";
			sourceTree = "<group>";
		};
		2C571F8324F4D48200E74CB7 /* 数据结构 */ = {
			isa = PBXGroup;
			children = (
			);
			path = "数据结构";
			sourceTree = "<group>";
		};
		2C571F8424F4D48C00E74CB7 /* 数组 */ = {
			isa = PBXGroup;
			children = (
				2C571F8C24F5119400E74CB7 /* 16.16. 部分排序.swift */,
				2C571F8724F4ED7900E74CB7 /* 75. 颜色分类.swift */,
				2C571F8524F4D4FE00E74CB7 /* 88. 合并两个有序数组.swift */,
				2C571F8E24F51DE800E74CB7 /* 164. 最大间距.swift */,
				2C571F9024F51F2300E74CB7 /* 977. 有序数组的平方.swift */,
			);
			path = "数组";
			sourceTree = "<group>";
		};
		2C571F8924F50B9700E74CB7 /* Common */ = {
			isa = PBXGroup;
			children = (
				2C571F8A24F50BA200E74CB7 /* Swap.swift */,
				2C571F9624F521B000E74CB7 /* ListNode.swift */,
			);
			path = Common;
			sourceTree = "<group>";
		};
		2C571F9324F520AA00E74CB7 /* 链表 */ = {
			isa = PBXGroup;
			children = (
				2C571F9824F6156B00E74CB7 /* 2. 两数相加.swift */,
				2C571F9A24F62AD600E74CB7 /* 160. 相交链表.swift */,
				2C571F9424F5215200E74CB7 /* 203. 移除链表元素.swift */,
			);
			path = "链表";
			sourceTree = "<group>";
		};
/* End PBXGroup section */

/* Begin PBXNativeTarget section */
		2C571F7724F3AB2600E74CB7 /* algorithmAndAataAtructure */ = {
			isa = PBXNativeTarget;
			buildConfigurationList = 2C571F7F24F3AB2600E74CB7 /* Build configuration list for PBXNativeTarget "algorithmAndAataAtructure" */;
			buildPhases = (
				2C571F7424F3AB2600E74CB7 /* Sources */,
				2C571F7524F3AB2600E74CB7 /* Frameworks */,
				2C571F7624F3AB2600E74CB7 /* CopyFiles */,
			);
			buildRules = (
			);
			dependencies = (
			);
			name = algorithmAndAataAtructure;
			productName = algorithmAndAataAtructure;
			productReference = 2C571F7824F3AB2600E74CB7 /* algorithmAndAataAtructure */;
			productType = "com.apple.product-type.tool";
		};
/* End PBXNativeTarget section */

/* Begin PBXProject section */
		2C571F7024F3AB2600E74CB7 /* Project object */ = {
			isa = PBXProject;
			attributes = {
				LastSwiftUpdateCheck = 1160;
				LastUpgradeCheck = 1160;
				ORGANIZATIONNAME = "孙琦";
				TargetAttributes = {
					2C571F7724F3AB2600E74CB7 = {
						CreatedOnToolsVersion = 11.6;
					};
				};
			};
			buildConfigurationList = 2C571F7324F3AB2600E74CB7 /* Build configuration list for PBXProject "algorithmAndAataAtructure" */;
			compatibilityVersion = "Xcode 9.3";
			developmentRegion = en;
			hasScannedForEncodings = 0;
			knownRegions = (
				en,
				Base,
			);
			mainGroup = 2C571F6F24F3AB2600E74CB7;
			productRefGroup = 2C571F7924F3AB2600E74CB7 /* Products */;
			projectDirPath = "";
			projectRoot = "";
			targets = (
				2C571F7724F3AB2600E74CB7 /* algorithmAndAataAtructure */,
			);
		};
/* End PBXProject section */

/* Begin PBXSourcesBuildPhase section */
		2C571F7424F3AB2600E74CB7 /* Sources */ = {
			isa = PBXSourcesBuildPhase;
			buildActionMask = 2147483647;
			files = (
				2C571F8B24F50BA200E74CB7 /* Swap.swift in Sources */,
				2C571F8D24F5119400E74CB7 /* 16.16. 部分排序.swift in Sources */,
				2C571F9724F521B000E74CB7 /* ListNode.swift in Sources */,
				2C571F7C24F3AB2600E74CB7 /* main.swift in Sources */,
				2C571F9124F51F2300E74CB7 /* 977. 有序数组的平方.swift in Sources */,
				2C571F8F24F51DE800E74CB7 /* 164. 最大间距.swift in Sources */,
				2C571F9924F6156B00E74CB7 /* 2. 两数相加.swift in Sources */,
				2C571F8824F4ED7900E74CB7 /* 75. 颜色分类.swift in Sources */,
				2C571F8624F4D4FE00E74CB7 /* 88. 合并两个有序数组.swift in Sources */,
				2C571F9B24F62AD600E74CB7 /* 160. 相交链表.swift in Sources */,
				2C571F9524F5215200E74CB7 /* 203. 移除链表元素.swift in Sources */,
			);
			runOnlyForDeploymentPostprocessing = 0;
		};
/* End PBXSourcesBuildPhase section */

/* Begin XCBuildConfiguration section */
		2C571F7D24F3AB2600E74CB7 /* Debug */ = {
			isa = XCBuildConfiguration;
			buildSettings = {
				ALWAYS_SEARCH_USER_PATHS = NO;
				CLANG_ANALYZER_NONNULL = YES;
				CLANG_ANALYZER_NUMBER_OBJECT_CONVERSION = YES_AGGRESSIVE;
				CLANG_CXX_LANGUAGE_STANDARD = "gnu++14";
				CLANG_CXX_LIBRARY = "libc++";
				CLANG_ENABLE_MODULES = YES;
				CLANG_ENABLE_OBJC_ARC = YES;
				CLANG_ENABLE_OBJC_WEAK = YES;
				CLANG_WARN_BLOCK_CAPTURE_AUTORELEASING = YES;
				CLANG_WARN_BOOL_CONVERSION = YES;
				CLANG_WARN_COMMA = YES;
				CLANG_WARN_CONSTANT_CONVERSION = YES;
				CLANG_WARN_DEPRECATED_OBJC_IMPLEMENTATIONS = YES;
				CLANG_WARN_DIRECT_OBJC_ISA_USAGE = YES_ERROR;
				CLANG_WARN_DOCUMENTATION_COMMENTS = YES;
				CLANG_WARN_EMPTY_BODY = YES;
				CLANG_WARN_ENUM_CONVERSION = YES;
				CLANG_WARN_INFINITE_RECURSION = YES;
				CLANG_WARN_INT_CONVERSION = YES;
				CLANG_WARN_NON_LITERAL_NULL_CONVERSION = YES;
				CLANG_WARN_OBJC_IMPLICIT_RETAIN_SELF = YES;
				CLANG_WARN_OBJC_LITERAL_CONVERSION = YES;
				CLANG_WARN_OBJC_ROOT_CLASS = YES_ERROR;
				CLANG_WARN_RANGE_LOOP_ANALYSIS = YES;
				CLANG_WARN_STRICT_PROTOTYPES = YES;
				CLANG_WARN_SUSPICIOUS_MOVE = YES;
				CLANG_WARN_UNGUARDED_AVAILABILITY = YES_AGGRESSIVE;
				CLANG_WARN_UNREACHABLE_CODE = YES;
				CLANG_WARN__DUPLICATE_METHOD_MATCH = YES;
				COPY_PHASE_STRIP = NO;
				DEBUG_INFORMATION_FORMAT = dwarf;
				ENABLE_STRICT_OBJC_MSGSEND = YES;
				ENABLE_TESTABILITY = YES;
				GCC_C_LANGUAGE_STANDARD = gnu11;
				GCC_DYNAMIC_NO_PIC = NO;
				GCC_NO_COMMON_BLOCKS = YES;
				GCC_OPTIMIZATION_LEVEL = 0;
				GCC_PREPROCESSOR_DEFINITIONS = (
					"DEBUG=1",
					"$(inherited)",
				);
				GCC_WARN_64_TO_32_BIT_CONVERSION = YES;
				GCC_WARN_ABOUT_RETURN_TYPE = YES_ERROR;
				GCC_WARN_UNDECLARED_SELECTOR = YES;
				GCC_WARN_UNINITIALIZED_AUTOS = YES_AGGRESSIVE;
				GCC_WARN_UNUSED_FUNCTION = YES;
				GCC_WARN_UNUSED_VARIABLE = YES;
				MACOSX_DEPLOYMENT_TARGET = 10.15;
				MTL_ENABLE_DEBUG_INFO = INCLUDE_SOURCE;
				MTL_FAST_MATH = YES;
				ONLY_ACTIVE_ARCH = YES;
				SDKROOT = macosx;
				SWIFT_ACTIVE_COMPILATION_CONDITIONS = DEBUG;
				SWIFT_OPTIMIZATION_LEVEL = "-Onone";
			};
			name = Debug;
		};
		2C571F7E24F3AB2600E74CB7 /* Release */ = {
			isa = XCBuildConfiguration;
			buildSettings = {
				ALWAYS_SEARCH_USER_PATHS = NO;
				CLANG_ANALYZER_NONNULL = YES;
				CLANG_ANALYZER_NUMBER_OBJECT_CONVERSION = YES_AGGRESSIVE;
				CLANG_CXX_LANGUAGE_STANDARD = "gnu++14";
				CLANG_CXX_LIBRARY = "libc++";
				CLANG_ENABLE_MODULES = YES;
				CLANG_ENABLE_OBJC_ARC = YES;
				CLANG_ENABLE_OBJC_WEAK = YES;
				CLANG_WARN_BLOCK_CAPTURE_AUTORELEASING = YES;
				CLANG_WARN_BOOL_CONVERSION = YES;
				CLANG_WARN_COMMA = YES;
				CLANG_WARN_CONSTANT_CONVERSION = YES;
				CLANG_WARN_DEPRECATED_OBJC_IMPLEMENTATIONS = YES;
				CLANG_WARN_DIRECT_OBJC_ISA_USAGE = YES_ERROR;
				CLANG_WARN_DOCUMENTATION_COMMENTS = YES;
				CLANG_WARN_EMPTY_BODY = YES;
				CLANG_WARN_ENUM_CONVERSION = YES;
				CLANG_WARN_INFINITE_RECURSION = YES;
				CLANG_WARN_INT_CONVERSION = YES;
				CLANG_WARN_NON_LITERAL_NULL_CONVERSION = YES;
				CLANG_WARN_OBJC_IMPLICIT_RETAIN_SELF = YES;
				CLANG_WARN_OBJC_LITERAL_CONVERSION = YES;
				CLANG_WARN_OBJC_ROOT_CLASS = YES_ERROR;
				CLANG_WARN_RANGE_LOOP_ANALYSIS = YES;
				CLANG_WARN_STRICT_PROTOTYPES = YES;
				CLANG_WARN_SUSPICIOUS_MOVE = YES;
				CLANG_WARN_UNGUARDED_AVAILABILITY = YES_AGGRESSIVE;
				CLANG_WARN_UNREACHABLE_CODE = YES;
				CLANG_WARN__DUPLICATE_METHOD_MATCH = YES;
				COPY_PHASE_STRIP = NO;
				DEBUG_INFORMATION_FORMAT = "dwarf-with-dsym";
				ENABLE_NS_ASSERTIONS = NO;
				ENABLE_STRICT_OBJC_MSGSEND = YES;
				GCC_C_LANGUAGE_STANDARD = gnu11;
				GCC_NO_COMMON_BLOCKS = YES;
				GCC_WARN_64_TO_32_BIT_CONVERSION = YES;
				GCC_WARN_ABOUT_RETURN_TYPE = YES_ERROR;
				GCC_WARN_UNDECLARED_SELECTOR = YES;
				GCC_WARN_UNINITIALIZED_AUTOS = YES_AGGRESSIVE;
				GCC_WARN_UNUSED_FUNCTION = YES;
				GCC_WARN_UNUSED_VARIABLE = YES;
				MACOSX_DEPLOYMENT_TARGET = 10.15;
				MTL_ENABLE_DEBUG_INFO = NO;
				MTL_FAST_MATH = YES;
				SDKROOT = macosx;
				SWIFT_COMPILATION_MODE = wholemodule;
				SWIFT_OPTIMIZATION_LEVEL = "-O";
			};
			name = Release;
		};
		2C571F8024F3AB2600E74CB7 /* Debug */ = {
			isa = XCBuildConfiguration;
			buildSettings = {
				CODE_SIGN_STYLE = Automatic;
				PRODUCT_NAME = "$(TARGET_NAME)";
				SWIFT_VERSION = 5.0;
			};
			name = Debug;
		};
		2C571F8124F3AB2600E74CB7 /* Release */ = {
			isa = XCBuildConfiguration;
			buildSettings = {
				CODE_SIGN_STYLE = Automatic;
				PRODUCT_NAME = "$(TARGET_NAME)";
				SWIFT_VERSION = 5.0;
			};
			name = Release;
		};
/* End XCBuildConfiguration section */

/* Begin XCConfigurationList section */
		2C571F7324F3AB2600E74CB7 /* Build configuration list for PBXProject "algorithmAndAataAtructure" */ = {
			isa = XCConfigurationList;
			buildConfigurations = (
				2C571F7D24F3AB2600E74CB7 /* Debug */,
				2C571F7E24F3AB2600E74CB7 /* Release */,
			);
			defaultConfigurationIsVisible = 0;
			defaultConfigurationName = Release;
		};
		2C571F7F24F3AB2600E74CB7 /* Build configuration list for PBXNativeTarget "algorithmAndAataAtructure" */ = {
			isa = XCConfigurationList;
			buildConfigurations = (
				2C571F8024F3AB2600E74CB7 /* Debug */,
				2C571F8124F3AB2600E74CB7 /* Release */,
			);
			defaultConfigurationIsVisible = 0;
			defaultConfigurationName = Release;
		};
/* End XCConfigurationList section */
	};
	rootObject = 2C571F7024F3AB2600E74CB7 /* Project object */;
}
